
Microsoft Visual Studio Solution File, Format Version 12.00
# Visual Studio Version 17
VisualStudioVersion = 17.0.31903.59
MinimumVisualStudioVersion = 10.0.40219.1
Project("{8BC9CEB8-8B4A-11D0-8D11-00A0C91BC942}") = "NanaZipShellExtension", "NanaZip.UI.Classic\NanaZipShellExtension.vcxproj", "{F17D4837-7943-4361-9527-2AF9CACE477D}"
EndProject
Project("{8BC9CEB8-8B4A-11D0-8D11-00A0C91BC942}") = "NanaZip.Core.Sfx.Windows", "NanaZip.Core\NanaZip.Core.Sfx.Windows.vcxproj", "{C11F288B-9E3C-4DA9-8206-852BB91C7E4C}"
EndProject
Project("{8BC9CEB8-8B4A-11D0-8D11-00A0C91BC942}") = "NanaZip.Core.Sfx.Console", "NanaZip.Core\NanaZip.Core.Sfx.Console.vcxproj", "{96C0A1A0-D964-4725-AFDC-73EBF7FC1416}"
EndProject
Project("{8BC9CEB8-8B4A-11D0-8D11-00A0C91BC942}") = "NanaZip.Core.Sfx.Setup", "NanaZip.Core\NanaZip.Core.Sfx.Setup.vcxproj", "{43308629-5328-46BF-8E1C-A258A937B981}"
EndProject
Project("{8BC9CEB8-8B4A-11D0-8D11-00A0C91BC942}") = "NanaZip", "NanaZip.UI.Classic\NanaZip.vcxproj", "{97894839-6677-49D2-BA7C-39ED0C8D4FDB}"
EndProject
Project("{8BC9CEB8-8B4A-11D0-8D11-00A0C91BC942}") = "NanaZipWindows", "NanaZip.UI.Classic\NanaZipWindows.vcxproj", "{D33E771E-6B30-4EFB-9DEC-A9148D50080D}"
EndProject
Project("{8BC9CEB8-8B4A-11D0-8D11-00A0C91BC942}") = "NanaZipConsole", "NanaZip.UI.Classic\NanaZipConsole.vcxproj", "{D866CA04-DF51-4660-BA4D-F82426A3A522}"
EndProject
Project("{C7167F0D-BC9F-4E6E-AFE1-012C56B48DB5}") = "NanaZipPackage", "NanaZipPackage\NanaZipPackage.wapproj", "{9A119A76-97CB-4490-B8C2-651576CB9302}"
EndProject
Project("{8BC9CEB8-8B4A-11D0-8D11-00A0C91BC942}") = "NanaZip.Shared.ModernExperienceShims", "NanaZip.Shared\NanaZip.Shared.ModernExperienceShims.vcxproj", "{501956AB-67C3-47FA-BE2B-8AEFF463AF1C}"
EndProject
Project("{8BC9CEB8-8B4A-11D0-8D11-00A0C91BC942}") = "NanaZip.Shared.Mitigations", "NanaZip.Shared\NanaZip.Shared.Mitigations.vcxproj", "{3B6BA400-CFE5-44E1-A8E3-2DF0CCC5492B}"
EndProject
Project("{8BC9CEB8-8B4A-11D0-8D11-00A0C91BC942}") = "NanaZip.Core", "NanaZip.Core\NanaZip.Core.vcxproj", "{5220420B-9A5C-44A7-BE69-97F25365BB26}"
EndProject
Project("{8BC9CEB8-8B4A-11D0-8D11-00A0C91BC942}") = "NanaZip.Core.Sfx.Shared", "NanaZip.Core\NanaZip.Core.Sfx.Shared.vcxproj", "{7262BA1E-732D-4814-972F-698F0B4330A1}"
EndProject
Project("{2150E333-8FDC-42A3-9474-1A3956D46DE8}") = "NanaZip.Core Project", "NanaZip.Core Project", "{94A1E11C-B722-4BAE-9B12-1495F5EF3CC9}"
EndProject
Project("{2150E333-8FDC-42A3-9474-1A3956D46DE8}") = "NanaZip.Shared Project", "NanaZip.Shared Project", "{51AA7444-A07F-429B-89C4-DFF4A6F10C99}"
EndProject
Project("{2150E333-8FDC-42A3-9474-1A3956D46DE8}") = "NanaZip.UI.Classic Project", "NanaZip.UI.Classic Project", "{FB9122A4-25AA-405E-9EE1-886274614847}"
EndProject
Global
	GlobalSection(SolutionConfigurationPlatforms) = preSolution
		Debug|ARM64 = Debug|ARM64
		Debug|x64 = Debug|x64
		Debug|x86 = Debug|x86
		Release|ARM64 = Release|ARM64
		Release|x64 = Release|x64
		Release|x86 = Release|x86
	EndGlobalSection
	GlobalSection(ProjectConfigurationPlatforms) = postSolution
		{F17D4837-7943-4361-9527-2AF9CACE477D}.Debug|ARM64.ActiveCfg = Debug|ARM64
		{F17D4837-7943-4361-9527-2AF9CACE477D}.Debug|ARM64.Build.0 = Debug|ARM64
		{F17D4837-7943-4361-9527-2AF9CACE477D}.Debug|x64.ActiveCfg = Debug|x64
		{F17D4837-7943-4361-9527-2AF9CACE477D}.Debug|x64.Build.0 = Debug|x64
		{F17D4837-7943-4361-9527-2AF9CACE477D}.Debug|x86.ActiveCfg = Debug|Win32
		{F17D4837-7943-4361-9527-2AF9CACE477D}.Debug|x86.Build.0 = Debug|Win32
		{F17D4837-7943-4361-9527-2AF9CACE477D}.Release|ARM64.ActiveCfg = Release|ARM64
		{F17D4837-7943-4361-9527-2AF9CACE477D}.Release|ARM64.Build.0 = Release|ARM64
		{F17D4837-7943-4361-9527-2AF9CACE477D}.Release|x64.ActiveCfg = Release|x64
		{F17D4837-7943-4361-9527-2AF9CACE477D}.Release|x64.Build.0 = Release|x64
		{F17D4837-7943-4361-9527-2AF9CACE477D}.Release|x86.ActiveCfg = Release|Win32
		{F17D4837-7943-4361-9527-2AF9CACE477D}.Release|x86.Build.0 = Release|Win32
		{C11F288B-9E3C-4DA9-8206-852BB91C7E4C}.Debug|ARM64.ActiveCfg = Debug|Win32
		{C11F288B-9E3C-4DA9-8206-852BB91C7E4C}.Debug|x64.ActiveCfg = Debug|Win32
		{C11F288B-9E3C-4DA9-8206-852BB91C7E4C}.Debug|x86.ActiveCfg = Debug|Win32
		{C11F288B-9E3C-4DA9-8206-852BB91C7E4C}.Debug|x86.Build.0 = Debug|Win32
		{C11F288B-9E3C-4DA9-8206-852BB91C7E4C}.Release|ARM64.ActiveCfg = Release|Win32
		{C11F288B-9E3C-4DA9-8206-852BB91C7E4C}.Release|x64.ActiveCfg = Release|Win32
		{C11F288B-9E3C-4DA9-8206-852BB91C7E4C}.Release|x86.ActiveCfg = Release|Win32
		{C11F288B-9E3C-4DA9-8206-852BB91C7E4C}.Release|x86.Build.0 = Release|Win32
		{96C0A1A0-D964-4725-AFDC-73EBF7FC1416}.Debug|ARM64.ActiveCfg = Debug|Win32
		{96C0A1A0-D964-4725-AFDC-73EBF7FC1416}.Debug|x64.ActiveCfg = Debug|Win32
		{96C0A1A0-D964-4725-AFDC-73EBF7FC1416}.Debug|x86.ActiveCfg = Debug|Win32
		{96C0A1A0-D964-4725-AFDC-73EBF7FC1416}.Debug|x86.Build.0 = Debug|Win32
		{96C0A1A0-D964-4725-AFDC-73EBF7FC1416}.Release|ARM64.ActiveCfg = Release|Win32
		{96C0A1A0-D964-4725-AFDC-73EBF7FC1416}.Release|x64.ActiveCfg = Release|Win32
		{96C0A1A0-D964-4725-AFDC-73EBF7FC1416}.Release|x86.ActiveCfg = Release|Win32
		{96C0A1A0-D964-4725-AFDC-73EBF7FC1416}.Release|x86.Build.0 = Release|Win32
		{43308629-5328-46BF-8E1C-A258A937B981}.Debug|ARM64.ActiveCfg = Debug|Win32
		{43308629-5328-46BF-8E1C-A258A937B981}.Debug|x64.ActiveCfg = Debug|Win32
		{43308629-5328-46BF-8E1C-A258A937B981}.Debug|x86.ActiveCfg = Debug|Win32
		{43308629-5328-46BF-8E1C-A258A937B981}.Debug|x86.Build.0 = Debug|Win32
		{43308629-5328-46BF-8E1C-A258A937B981}.Release|ARM64.ActiveCfg = Release|Win32
		{43308629-5328-46BF-8E1C-A258A937B981}.Release|x64.ActiveCfg = Release|Win32
		{43308629-5328-46BF-8E1C-A258A937B981}.Release|x86.ActiveCfg = Release|Win32
		{43308629-5328-46BF-8E1C-A258A937B981}.Release|x86.Build.0 = Release|Win32
		{97894839-6677-49D2-BA7C-39ED0C8D4FDB}.Debug|ARM64.ActiveCfg = Debug|ARM64
		{97894839-6677-49D2-BA7C-39ED0C8D4FDB}.Debug|ARM64.Build.0 = Debug|ARM64
		{97894839-6677-49D2-BA7C-39ED0C8D4FDB}.Debug|x64.ActiveCfg = Debug|x64
		{97894839-6677-49D2-BA7C-39ED0C8D4FDB}.Debug|x64.Build.0 = Debug|x64
		{97894839-6677-49D2-BA7C-39ED0C8D4FDB}.Debug|x86.ActiveCfg = Debug|Win32
		{97894839-6677-49D2-BA7C-39ED0C8D4FDB}.Debug|x86.Build.0 = Debug|Win32
		{97894839-6677-49D2-BA7C-39ED0C8D4FDB}.Release|ARM64.ActiveCfg = Release|ARM64
		{97894839-6677-49D2-BA7C-39ED0C8D4FDB}.Release|ARM64.Build.0 = Release|ARM64
		{97894839-6677-49D2-BA7C-39ED0C8D4FDB}.Release|x64.ActiveCfg = Release|x64
		{97894839-6677-49D2-BA7C-39ED0C8D4FDB}.Release|x64.Build.0 = Release|x64
		{97894839-6677-49D2-BA7C-39ED0C8D4FDB}.Release|x86.ActiveCfg = Release|Win32
		{97894839-6677-49D2-BA7C-39ED0C8D4FDB}.Release|x86.Build.0 = Release|Win32
		{D33E771E-6B30-4EFB-9DEC-A9148D50080D}.Debug|ARM64.ActiveCfg = Debug|ARM64
		{D33E771E-6B30-4EFB-9DEC-A9148D50080D}.Debug|ARM64.Build.0 = Debug|ARM64
		{D33E771E-6B30-4EFB-9DEC-A9148D50080D}.Debug|x64.ActiveCfg = Debug|x64
		{D33E771E-6B30-4EFB-9DEC-A9148D50080D}.Debug|x64.Build.0 = Debug|x64
		{D33E771E-6B30-4EFB-9DEC-A9148D50080D}.Debug|x86.ActiveCfg = Debug|Win32
		{D33E771E-6B30-4EFB-9DEC-A9148D50080D}.Debug|x86.Build.0 = Debug|Win32
		{D33E771E-6B30-4EFB-9DEC-A9148D50080D}.Release|ARM64.ActiveCfg = Release|ARM64
		{D33E771E-6B30-4EFB-9DEC-A9148D50080D}.Release|ARM64.Build.0 = Release|ARM64
		{D33E771E-6B30-4EFB-9DEC-A9148D50080D}.Release|x64.ActiveCfg = Release|x64
		{D33E771E-6B30-4EFB-9DEC-A9148D50080D}.Release|x64.Build.0 = Release|x64
		{D33E771E-6B30-4EFB-9DEC-A9148D50080D}.Release|x86.ActiveCfg = Release|Win32
		{D33E771E-6B30-4EFB-9DEC-A9148D50080D}.Release|x86.Build.0 = Release|Win32
		{D866CA04-DF51-4660-BA4D-F82426A3A522}.Debug|ARM64.ActiveCfg = Debug|ARM64
		{D866CA04-DF51-4660-BA4D-F82426A3A522}.Debug|ARM64.Build.0 = Debug|ARM64
		{D866CA04-DF51-4660-BA4D-F82426A3A522}.Debug|x64.ActiveCfg = Debug|x64
		{D866CA04-DF51-4660-BA4D-F82426A3A522}.Debug|x64.Build.0 = Debug|x64
		{D866CA04-DF51-4660-BA4D-F82426A3A522}.Debug|x86.ActiveCfg = Debug|Win32
		{D866CA04-DF51-4660-BA4D-F82426A3A522}.Debug|x86.Build.0 = Debug|Win32
		{D866CA04-DF51-4660-BA4D-F82426A3A522}.Release|ARM64.ActiveCfg = Release|ARM64
		{D866CA04-DF51-4660-BA4D-F82426A3A522}.Release|ARM64.Build.0 = Release|ARM64
		{D866CA04-DF51-4660-BA4D-F82426A3A522}.Release|x64.ActiveCfg = Release|x64
		{D866CA04-DF51-4660-BA4D-F82426A3A522}.Release|x64.Build.0 = Release|x64
		{D866CA04-DF51-4660-BA4D-F82426A3A522}.Release|x86.ActiveCfg = Release|Win32
		{D866CA04-DF51-4660-BA4D-F82426A3A522}.Release|x86.Build.0 = Release|Win32
		{9A119A76-97CB-4490-B8C2-651576CB9302}.Debug|ARM64.ActiveCfg = Debug|ARM64
		{9A119A76-97CB-4490-B8C2-651576CB9302}.Debug|ARM64.Build.0 = Debug|ARM64
		{9A119A76-97CB-4490-B8C2-651576CB9302}.Debug|ARM64.Deploy.0 = Debug|ARM64
		{9A119A76-97CB-4490-B8C2-651576CB9302}.Debug|x64.ActiveCfg = Debug|x64
		{9A119A76-97CB-4490-B8C2-651576CB9302}.Debug|x64.Build.0 = Debug|x64
		{9A119A76-97CB-4490-B8C2-651576CB9302}.Debug|x64.Deploy.0 = Debug|x64
		{9A119A76-97CB-4490-B8C2-651576CB9302}.Debug|x86.ActiveCfg = Debug|x64
		{9A119A76-97CB-4490-B8C2-651576CB9302}.Release|ARM64.ActiveCfg = Release|ARM64
		{9A119A76-97CB-4490-B8C2-651576CB9302}.Release|ARM64.Build.0 = Release|ARM64
		{9A119A76-97CB-4490-B8C2-651576CB9302}.Release|ARM64.Deploy.0 = Release|ARM64
		{9A119A76-97CB-4490-B8C2-651576CB9302}.Release|x64.ActiveCfg = Release|x64
		{9A119A76-97CB-4490-B8C2-651576CB9302}.Release|x64.Build.0 = Release|x64
		{9A119A76-97CB-4490-B8C2-651576CB9302}.Release|x64.Deploy.0 = Release|x64
		{9A119A76-97CB-4490-B8C2-651576CB9302}.Release|x86.ActiveCfg = Release|x64
		{501956AB-67C3-47FA-BE2B-8AEFF463AF1C}.Debug|ARM64.ActiveCfg = Debug|ARM64
		{501956AB-67C3-47FA-BE2B-8AEFF463AF1C}.Debug|ARM64.Build.0 = Debug|ARM64
		{501956AB-67C3-47FA-BE2B-8AEFF463AF1C}.Debug|x64.ActiveCfg = Debug|x64
		{501956AB-67C3-47FA-BE2B-8AEFF463AF1C}.Debug|x64.Build.0 = Debug|x64
		{501956AB-67C3-47FA-BE2B-8AEFF463AF1C}.Debug|x86.ActiveCfg = Debug|Win32
		{501956AB-67C3-47FA-BE2B-8AEFF463AF1C}.Debug|x86.Build.0 = Debug|Win32
		{501956AB-67C3-47FA-BE2B-8AEFF463AF1C}.Release|ARM64.ActiveCfg = Release|ARM64
		{501956AB-67C3-47FA-BE2B-8AEFF463AF1C}.Release|ARM64.Build.0 = Release|ARM64
		{501956AB-67C3-47FA-BE2B-8AEFF463AF1C}.Release|x64.ActiveCfg = Release|x64
		{501956AB-67C3-47FA-BE2B-8AEFF463AF1C}.Release|x64.Build.0 = Release|x64
		{501956AB-67C3-47FA-BE2B-8AEFF463AF1C}.Release|x86.ActiveCfg = Release|Win32
		{501956AB-67C3-47FA-BE2B-8AEFF463AF1C}.Release|x86.Build.0 = Release|Win32
		{3B6BA400-CFE5-44E1-A8E3-2DF0CCC5492B}.Debug|ARM64.ActiveCfg = Debug|ARM64
		{3B6BA400-CFE5-44E1-A8E3-2DF0CCC5492B}.Debug|ARM64.Build.0 = Debug|ARM64
		{3B6BA400-CFE5-44E1-A8E3-2DF0CCC5492B}.Debug|x64.ActiveCfg = Debug|x64
		{3B6BA400-CFE5-44E1-A8E3-2DF0CCC5492B}.Debug|x64.Build.0 = Debug|x64
		{3B6BA400-CFE5-44E1-A8E3-2DF0CCC5492B}.Debug|x86.ActiveCfg = Debug|Win32
		{3B6BA400-CFE5-44E1-A8E3-2DF0CCC5492B}.Debug|x86.Build.0 = Debug|Win32
		{3B6BA400-CFE5-44E1-A8E3-2DF0CCC5492B}.Release|ARM64.ActiveCfg = Release|ARM64
		{3B6BA400-CFE5-44E1-A8E3-2DF0CCC5492B}.Release|ARM64.Build.0 = Release|ARM64
		{3B6BA400-CFE5-44E1-A8E3-2DF0CCC5492B}.Release|x64.ActiveCfg = Release|x64
		{3B6BA400-CFE5-44E1-A8E3-2DF0CCC5492B}.Release|x64.Build.0 = Release|x64
		{3B6BA400-CFE5-44E1-A8E3-2DF0CCC5492B}.Release|x86.ActiveCfg = Release|Win32
		{3B6BA400-CFE5-44E1-A8E3-2DF0CCC5492B}.Release|x86.Build.0 = Release|Win32
		{5220420B-9A5C-44A7-BE69-97F25365BB26}.Debug|ARM64.ActiveCfg = Debug|ARM64
		{5220420B-9A5C-44A7-BE69-97F25365BB26}.Debug|ARM64.Build.0 = Debug|ARM64
		{5220420B-9A5C-44A7-BE69-97F25365BB26}.Debug|x64.ActiveCfg = Debug|x64
		{5220420B-9A5C-44A7-BE69-97F25365BB26}.Debug|x64.Build.0 = Debug|x64
		{5220420B-9A5C-44A7-BE69-97F25365BB26}.Debug|x86.ActiveCfg = Debug|Win32
		{5220420B-9A5C-44A7-BE69-97F25365BB26}.Debug|x86.Build.0 = Debug|Win32
		{5220420B-9A5C-44A7-BE69-97F25365BB26}.Release|ARM64.ActiveCfg = Release|ARM64
		{5220420B-9A5C-44A7-BE69-97F25365BB26}.Release|ARM64.Build.0 = Release|ARM64
		{5220420B-9A5C-44A7-BE69-97F25365BB26}.Release|x64.ActiveCfg = Release|x64
		{5220420B-9A5C-44A7-BE69-97F25365BB26}.Release|x64.Build.0 = Release|x64
		{5220420B-9A5C-44A7-BE69-97F25365BB26}.Release|x86.ActiveCfg = Release|Win32
		{5220420B-9A5C-44A7-BE69-97F25365BB26}.Release|x86.Build.0 = Release|Win32
		{7262BA1E-732D-4814-972F-698F0B4330A1}.Debug|ARM64.ActiveCfg = Debug|Win32
		{7262BA1E-732D-4814-972F-698F0B4330A1}.Debug|x64.ActiveCfg = Debug|Win32
		{7262BA1E-732D-4814-972F-698F0B4330A1}.Debug|x86.ActiveCfg = Debug|Win32
		{7262BA1E-732D-4814-972F-698F0B4330A1}.Debug|x86.Build.0 = Debug|Win32
		{7262BA1E-732D-4814-972F-698F0B4330A1}.Release|ARM64.ActiveCfg = Release|Win32
		{7262BA1E-732D-4814-972F-698F0B4330A1}.Release|x64.ActiveCfg = Release|Win32
		{7262BA1E-732D-4814-972F-698F0B4330A1}.Release|x86.ActiveCfg = Release|Win32
		{7262BA1E-732D-4814-972F-698F0B4330A1}.Release|x86.Build.0 = Release|Win32
	EndGlobalSection
	GlobalSection(SolutionProperties) = preSolution
		HideSolutionNode = FALSE
	EndGlobalSection
	GlobalSection(NestedProjects) = preSolution
		{F17D4837-7943-4361-9527-2AF9CACE477D} = {FB9122A4-25AA-405E-9EE1-886274614847}
		{C11F288B-9E3C-4DA9-8206-852BB91C7E4C} = {94A1E11C-B722-4BAE-9B12-1495F5EF3CC9}
		{96C0A1A0-D964-4725-AFDC-73EBF7FC1416} = {94A1E11C-B722-4BAE-9B12-1495F5EF3CC9}
		{43308629-5328-46BF-8E1C-A258A937B981} = {94A1E11C-B722-4BAE-9B12-1495F5EF3CC9}
		{97894839-6677-49D2-BA7C-39ED0C8D4FDB} = {FB9122A4-25AA-405E-9EE1-886274614847}
		{D33E771E-6B30-4EFB-9DEC-A9148D50080D} = {FB9122A4-25AA-405E-9EE1-886274614847}
		{D866CA04-DF51-4660-BA4D-F82426A3A522} = {FB9122A4-25AA-405E-9EE1-886274614847}
		{501956AB-67C3-47FA-BE2B-8AEFF463AF1C} = {51AA7444-A07F-429B-89C4-DFF4A6F10C99}
		{3B6BA400-CFE5-44E1-A8E3-2DF0CCC5492B} = {51AA7444-A07F-429B-89C4-DFF4A6F10C99}
		{5220420B-9A5C-44A7-BE69-97F25365BB26} = {94A1E11C-B722-4BAE-9B12-1495F5EF3CC9}
		{7262BA1E-732D-4814-972F-698F0B4330A1} = {94A1E11C-B722-4BAE-9B12-1495F5EF3CC9}
	EndGlobalSection
	GlobalSection(ExtensibilityGlobals) = postSolution
		SolutionGuid = {DE2C16C4-5306-4103-9C2A-749DC32B5CA6}
	EndGlobalSection
EndGlobal
