<?xml version="1.0" encoding="utf-8"?>
<Project ToolsVersion="4.0" xmlns="http://schemas.microsoft.com/developer/msbuild/2003">
  <ItemGroup>
    <Filter Include="SevenZip">
      <UniqueIdentifier>{b736165b-f800-42c0-af22-57c41026c1c0}</UniqueIdentifier>
    </Filter>
    <Filter Include="SevenZip\7z">
      <UniqueIdentifier>{4ac211f2-0f29-40d7-bc08-4922485dc493}</UniqueIdentifier>
    </Filter>
    <Filter Include="SevenZip\7z Common">
      <UniqueIdentifier>{e4bc3a9a-9d58-4a74-b4c6-b3daad931df8}</UniqueIdentifier>
    </Filter>
    <Filter Include="SevenZip\Archive Common">
      <UniqueIdentifier>{6ece29b1-3c52-4528-85ee-ffb04d8df7c7}</UniqueIdentifier>
    </Filter>
    <Filter Include="SevenZip\Common">
      <UniqueIdentifier>{15418ed5-8828-4477-bebb-9a3af3546e52}</UniqueIdentifier>
    </Filter>
    <Filter Include="SevenZip\C">
      <UniqueIdentifier>{2fd67cd2-3bda-4ffc-82e9-1572b375a9ad}</UniqueIdentifier>
    </Filter>
    <Filter Include="SevenZip\Compress">
      <UniqueIdentifier>{42426e77-2df2-4982-be50-dcc74c711ceb}</UniqueIdentifier>
    </Filter>
    <Filter Include="SevenZip\File Manager">
      <UniqueIdentifier>{5800100c-c54b-46fd-81d3-3308a10fab43}</UniqueIdentifier>
    </Filter>
    <Filter Include="SevenZip\Interface">
      <UniqueIdentifier>{c6b5d793-a533-4a10-87a7-d39fc0831bd3}</UniqueIdentifier>
    </Filter>
    <Filter Include="SevenZip\Spec">
      <UniqueIdentifier>{c0148d63-b44f-4707-97dc-aabd16cfa981}</UniqueIdentifier>
    </Filter>
    <Filter Include="SevenZip\UI">
      <UniqueIdentifier>{4f6274af-d227-440c-b531-eec97eb51862}</UniqueIdentifier>
    </Filter>
    <Filter Include="SevenZip\UI\Explorer">
      <UniqueIdentifier>{36090615-6bf1-44aa-b884-9437b1b962c8}</UniqueIdentifier>
    </Filter>
    <Filter Include="SevenZip\UI\UI Common">
      <UniqueIdentifier>{b5050cbc-27b8-4540-b33f-9c4b8c37732e}</UniqueIdentifier>
    </Filter>
    <Filter Include="SevenZip\Windows">
      <UniqueIdentifier>{35ff5288-ded7-437c-8379-dac0eb8179fd}</UniqueIdentifier>
    </Filter>
    <Filter Include="SevenZip\Windows\Control">
      <UniqueIdentifier>{2a2a73eb-79a5-4675-92af-60b4870acdc3}</UniqueIdentifier>
    </Filter>
  </ItemGroup>
  <ItemGroup>
    <ResourceCompile Include="..\SevenZip\CPP\7zip\Bundles\SFXSetup\resource.rc">
      <Filter>SevenZip\Spec</Filter>
    </ResourceCompile>
  </ItemGroup>
  <ItemGroup>
    <ClCompile Include="..\SevenZip\CPP\7zip\Bundles\SFXSetup\StdAfx.cpp">
      <Filter>SevenZip\Spec</Filter>
    </ClCompile>
    <ClCompile Include="..\SevenZip\CPP\7zip\Archive\7z\7zDecode.cpp">
      <Filter>SevenZip\7z</Filter>
    </ClCompile>
    <ClCompile Include="..\SevenZip\CPP\7zip\Archive\7z\7zExtract.cpp">
      <Filter>SevenZip\7z</Filter>
    </ClCompile>
    <ClCompile Include="..\SevenZip\CPP\7zip\Archive\7z\7zHandler.cpp">
      <Filter>SevenZip\7z</Filter>
    </ClCompile>
    <ClCompile Include="..\SevenZip\CPP\7zip\Archive\7z\7zIn.cpp">
      <Filter>SevenZip\7z</Filter>
    </ClCompile>
    <ClCompile Include="..\SevenZip\CPP\7zip\Archive\7z\7zRegister.cpp">
      <Filter>SevenZip\7z</Filter>
    </ClCompile>
    <ClCompile Include="..\SevenZip\CPP\7zip\Archive\Common\CoderMixer2.cpp">
      <Filter>SevenZip\Archive Common</Filter>
    </ClCompile>
    <ClCompile Include="..\SevenZip\CPP\7zip\Archive\Common\ItemNameUtils.cpp">
      <Filter>SevenZip\Archive Common</Filter>
    </ClCompile>
    <ClCompile Include="..\SevenZip\CPP\7zip\Archive\Common\OutStreamWithCRC.cpp">
      <Filter>SevenZip\Archive Common</Filter>
    </ClCompile>
    <ClCompile Include="..\SevenZip\CPP\7zip\Compress\Bcj2Coder.cpp">
      <Filter>SevenZip\Compress</Filter>
    </ClCompile>
    <ClCompile Include="..\SevenZip\CPP\7zip\Compress\Bcj2Register.cpp">
      <Filter>SevenZip\Compress</Filter>
    </ClCompile>
    <ClCompile Include="..\SevenZip\CPP\7zip\Compress\BcjCoder.cpp">
      <Filter>SevenZip\Compress</Filter>
    </ClCompile>
    <ClCompile Include="..\SevenZip\CPP\7zip\Compress\BcjRegister.cpp">
      <Filter>SevenZip\Compress</Filter>
    </ClCompile>
    <ClCompile Include="..\SevenZip\CPP\7zip\Compress\BranchMisc.cpp">
      <Filter>SevenZip\Compress</Filter>
    </ClCompile>
    <ClCompile Include="..\SevenZip\CPP\7zip\Compress\BranchRegister.cpp">
      <Filter>SevenZip\Compress</Filter>
    </ClCompile>
    <ClCompile Include="..\SevenZip\CPP\7zip\Compress\CopyCoder.cpp">
      <Filter>SevenZip\Compress</Filter>
    </ClCompile>
    <ClCompile Include="..\SevenZip\CPP\7zip\Compress\CopyRegister.cpp">
      <Filter>SevenZip\Compress</Filter>
    </ClCompile>
    <ClCompile Include="..\SevenZip\CPP\7zip\Compress\DeltaFilter.cpp">
      <Filter>SevenZip\Compress</Filter>
    </ClCompile>
    <ClCompile Include="..\SevenZip\CPP\7zip\Compress\Lzma2Decoder.cpp">
      <Filter>SevenZip\Compress</Filter>
    </ClCompile>
    <ClCompile Include="..\SevenZip\CPP\7zip\Compress\Lzma2Register.cpp">
      <Filter>SevenZip\Compress</Filter>
    </ClCompile>
    <ClCompile Include="..\SevenZip\CPP\7zip\Compress\LzmaDecoder.cpp">
      <Filter>SevenZip\Compress</Filter>
    </ClCompile>
    <ClCompile Include="..\SevenZip\CPP\7zip\Compress\LzmaRegister.cpp">
      <Filter>SevenZip\Compress</Filter>
    </ClCompile>
    <ClCompile Include="..\SevenZip\CPP\Common\CommandLineParser.cpp">
      <Filter>SevenZip\Common</Filter>
    </ClCompile>
    <ClCompile Include="..\SevenZip\CPP\Common\CRC.cpp">
      <Filter>SevenZip\Common</Filter>
    </ClCompile>
    <ClCompile Include="..\SevenZip\CPP\Common\IntToString.cpp">
      <Filter>SevenZip\Common</Filter>
    </ClCompile>
    <ClCompile Include="..\SevenZip\CPP\Common\MyString.cpp">
      <Filter>SevenZip\Common</Filter>
    </ClCompile>
    <ClCompile Include="..\SevenZip\CPP\Common\MyVector.cpp">
      <Filter>SevenZip\Common</Filter>
    </ClCompile>
    <ClCompile Include="..\SevenZip\CPP\Common\NewHandler.cpp">
      <Filter>SevenZip\Common</Filter>
    </ClCompile>
    <ClCompile Include="..\SevenZip\CPP\Common\StringConvert.cpp">
      <Filter>SevenZip\Common</Filter>
    </ClCompile>
    <ClCompile Include="..\SevenZip\CPP\Common\TextConfig.cpp">
      <Filter>SevenZip\Common</Filter>
    </ClCompile>
    <ClCompile Include="..\SevenZip\CPP\Common\UTFConvert.cpp">
      <Filter>SevenZip\Common</Filter>
    </ClCompile>
    <ClCompile Include="..\SevenZip\CPP\Common\Wildcard.cpp">
      <Filter>SevenZip\Common</Filter>
    </ClCompile>
    <ClCompile Include="..\SevenZip\CPP\Windows\Control\Dialog.cpp">
      <Filter>SevenZip\Windows\Control</Filter>
    </ClCompile>
    <ClCompile Include="..\SevenZip\CPP\Windows\DLL.cpp">
      <Filter>SevenZip\Windows</Filter>
    </ClCompile>
    <ClCompile Include="..\SevenZip\CPP\Windows\ErrorMsg.cpp">
      <Filter>SevenZip\Windows</Filter>
    </ClCompile>
    <ClCompile Include="..\SevenZip\CPP\Windows\FileDir.cpp">
      <Filter>SevenZip\Windows</Filter>
    </ClCompile>
    <ClCompile Include="..\SevenZip\CPP\Windows\FileFind.cpp">
      <Filter>SevenZip\Windows</Filter>
    </ClCompile>
    <ClCompile Include="..\SevenZip\CPP\Windows\FileIO.cpp">
      <Filter>SevenZip\Windows</Filter>
    </ClCompile>
    <ClCompile Include="..\SevenZip\CPP\Windows\FileName.cpp">
      <Filter>SevenZip\Windows</Filter>
    </ClCompile>
    <ClCompile Include="..\SevenZip\CPP\Windows\PropVariant.cpp">
      <Filter>SevenZip\Windows</Filter>
    </ClCompile>
    <ClCompile Include="..\SevenZip\CPP\Windows\ResourceString.cpp">
      <Filter>SevenZip\Windows</Filter>
    </ClCompile>
    <ClCompile Include="..\SevenZip\CPP\Windows\Synchronization.cpp">
      <Filter>SevenZip\Windows</Filter>
    </ClCompile>
    <ClCompile Include="..\SevenZip\CPP\Windows\System.cpp">
      <Filter>SevenZip\Windows</Filter>
    </ClCompile>
    <ClCompile Include="..\SevenZip\CPP\Windows\Window.cpp">
      <Filter>SevenZip\Windows</Filter>
    </ClCompile>
    <ClCompile Include="..\SevenZip\CPP\7zip\Common\CreateCoder.cpp">
      <Filter>SevenZip\7z Common</Filter>
    </ClCompile>
    <ClCompile Include="..\SevenZip\CPP\7zip\Common\CWrappers.cpp">
      <Filter>SevenZip\7z Common</Filter>
    </ClCompile>
    <ClCompile Include="..\SevenZip\CPP\7zip\Common\FileStreams.cpp">
      <Filter>SevenZip\7z Common</Filter>
    </ClCompile>
    <ClCompile Include="..\SevenZip\CPP\7zip\Common\FilterCoder.cpp">
      <Filter>SevenZip\7z Common</Filter>
    </ClCompile>
    <ClCompile Include="..\SevenZip\CPP\7zip\Common\InBuffer.cpp">
      <Filter>SevenZip\7z Common</Filter>
    </ClCompile>
    <ClCompile Include="..\SevenZip\CPP\7zip\Common\LimitedStreams.cpp">
      <Filter>SevenZip\7z Common</Filter>
    </ClCompile>
    <ClCompile Include="..\SevenZip\CPP\7zip\Common\OutBuffer.cpp">
      <Filter>SevenZip\7z Common</Filter>
    </ClCompile>
    <ClCompile Include="..\SevenZip\CPP\7zip\Common\ProgressUtils.cpp">
      <Filter>SevenZip\7z Common</Filter>
    </ClCompile>
    <ClCompile Include="..\SevenZip\CPP\7zip\Common\PropId.cpp">
      <Filter>SevenZip\7z Common</Filter>
    </ClCompile>
    <ClCompile Include="..\SevenZip\CPP\7zip\Common\StreamBinder.cpp">
      <Filter>SevenZip\7z Common</Filter>
    </ClCompile>
    <ClCompile Include="..\SevenZip\CPP\7zip\Common\StreamObjects.cpp">
      <Filter>SevenZip\7z Common</Filter>
    </ClCompile>
    <ClCompile Include="..\SevenZip\CPP\7zip\Common\StreamUtils.cpp">
      <Filter>SevenZip\7z Common</Filter>
    </ClCompile>
    <ClCompile Include="..\SevenZip\CPP\7zip\Common\VirtThread.cpp">
      <Filter>SevenZip\7z Common</Filter>
    </ClCompile>
    <ClCompile Include="..\SevenZip\CPP\7zip\UI\Explorer\MyMessages.cpp">
      <Filter>SevenZip\UI\Explorer</Filter>
    </ClCompile>
    <ClCompile Include="..\SevenZip\CPP\7zip\UI\Common\ArchiveOpenCallback.cpp">
      <Filter>SevenZip\UI\UI Common</Filter>
    </ClCompile>
    <ClCompile Include="..\SevenZip\CPP\7zip\UI\Common\DefaultName.cpp">
      <Filter>SevenZip\UI\UI Common</Filter>
    </ClCompile>
    <ClCompile Include="..\SevenZip\CPP\7zip\UI\Common\LoadCodecs.cpp">
      <Filter>SevenZip\UI\UI Common</Filter>
    </ClCompile>
    <ClCompile Include="..\SevenZip\CPP\7zip\UI\Common\OpenArchive.cpp">
      <Filter>SevenZip\UI\UI Common</Filter>
    </ClCompile>
    <ClCompile Include="..\SevenZip\CPP\7zip\UI\FileManager\FormatUtils.cpp">
      <Filter>SevenZip\File Manager</Filter>
    </ClCompile>
    <ClCompile Include="..\SevenZip\CPP\7zip\UI\FileManager\ProgressDialog.cpp">
      <Filter>SevenZip\File Manager</Filter>
    </ClCompile>
    <ClCompile Include="..\SevenZip\C\7zCrc.c">
      <Filter>SevenZip\C</Filter>
    </ClCompile>
    <ClCompile Include="..\SevenZip\C\7zCrcOpt.c">
      <Filter>SevenZip\C</Filter>
    </ClCompile>
    <ClCompile Include="..\SevenZip\C\Alloc.c">
      <Filter>SevenZip\C</Filter>
    </ClCompile>
    <ClCompile Include="..\SevenZip\C\Bcj2.c">
      <Filter>SevenZip\C</Filter>
    </ClCompile>
    <ClCompile Include="..\SevenZip\C\Bra.c">
      <Filter>SevenZip\C</Filter>
    </ClCompile>
    <ClCompile Include="..\SevenZip\C\Bra86.c">
      <Filter>SevenZip\C</Filter>
    </ClCompile>
    <ClCompile Include="..\SevenZip\C\BraIA64.c">
      <Filter>SevenZip\C</Filter>
    </ClCompile>
    <ClCompile Include="..\SevenZip\C\CpuArch.c">
      <Filter>SevenZip\C</Filter>
    </ClCompile>
    <ClCompile Include="..\SevenZip\C\Delta.c">
      <Filter>SevenZip\C</Filter>
    </ClCompile>
    <ClCompile Include="..\SevenZip\C\DllSecur.c">
      <Filter>SevenZip\C</Filter>
    </ClCompile>
    <ClCompile Include="..\SevenZip\C\Lzma2Dec.c">
      <Filter>SevenZip\C</Filter>
    </ClCompile>
    <ClCompile Include="..\SevenZip\C\Lzma2DecMt.c">
      <Filter>SevenZip\C</Filter>
    </ClCompile>
    <ClCompile Include="..\SevenZip\C\LzmaDec.c">
      <Filter>SevenZip\C</Filter>
    </ClCompile>
    <ClCompile Include="..\SevenZip\C\MtDec.c">
      <Filter>SevenZip\C</Filter>
    </ClCompile>
    <ClCompile Include="..\SevenZip\C\Threads.c">
      <Filter>SevenZip\C</Filter>
    </ClCompile>
    <ClCompile Include="..\SevenZip\CPP\7zip\Bundles\SFXSetup\ExtractCallbackSfx.cpp">
      <Filter>SevenZip\Spec</Filter>
    </ClCompile>
    <ClCompile Include="..\SevenZip\CPP\7zip\Bundles\SFXSetup\ExtractEngine.cpp">
      <Filter>SevenZip\Spec</Filter>
    </ClCompile>
    <ClCompile Include="..\SevenZip\CPP\7zip\Bundles\SFXSetup\SfxSetup.cpp">
      <Filter>SevenZip\Spec</Filter>
    </ClCompile>
    <ClCompile Include="..\SevenZip\CPP\7zip\Compress\ZstdDecoder.cpp">
      <Filter>SevenZip\Compress</Filter>
    </ClCompile>
    <ClCompile Include="..\SevenZip\CPP\7zip\Compress\ZstdRegister.cpp">
      <Filter>SevenZip\Compress</Filter>
    </ClCompile>
  </ItemGroup>
  <ItemGroup>
    <ClInclude Include="..\SevenZip\CPP\7zip\Bundles\SFXSetup\StdAfx.h">
      <Filter>SevenZip\Spec</Filter>
    </ClInclude>
    <ClInclude Include="..\SevenZip\CPP\7zip\Archive\7z\7zDecode.h">
      <Filter>SevenZip\7z</Filter>
    </ClInclude>
    <ClInclude Include="..\SevenZip\CPP\7zip\Archive\7z\7zHandler.h">
      <Filter>SevenZip\7z</Filter>
    </ClInclude>
    <ClInclude Include="..\SevenZip\CPP\7zip\Archive\7z\7zHeader.h">
      <Filter>SevenZip\7z</Filter>
    </ClInclude>
    <ClInclude Include="..\SevenZip\CPP\7zip\Archive\7z\7zIn.h">
      <Filter>SevenZip\7z</Filter>
    </ClInclude>
    <ClInclude Include="..\SevenZip\CPP\7zip\Archive\7z\7zItem.h">
      <Filter>SevenZip\7z</Filter>
    </ClInclude>
    <ClInclude Include="..\SevenZip\CPP\7zip\Archive\Common\CoderMixer2.h">
      <Filter>SevenZip\Archive Common</Filter>
    </ClInclude>
    <ClInclude Include="..\SevenZip\CPP\7zip\Archive\Common\ItemNameUtils.h">
      <Filter>SevenZip\Archive Common</Filter>
    </ClInclude>
    <ClInclude Include="..\SevenZip\CPP\7zip\Archive\Common\OutStreamWithCRC.h">
      <Filter>SevenZip\Archive Common</Filter>
    </ClInclude>
    <ClInclude Include="..\SevenZip\CPP\7zip\Compress\BranchMisc.h">
      <Filter>SevenZip\Compress</Filter>
    </ClInclude>
    <ClInclude Include="..\SevenZip\CPP\7zip\Compress\Lzma2Decoder.h">
      <Filter>SevenZip\Compress</Filter>
    </ClInclude>
    <ClInclude Include="..\SevenZip\CPP\Common\CommandLineParser.h">
      <Filter>SevenZip\Common</Filter>
    </ClInclude>
    <ClInclude Include="..\SevenZip\CPP\Common\CRC.h">
      <Filter>SevenZip\Common</Filter>
    </ClInclude>
    <ClInclude Include="..\SevenZip\CPP\Common\IntToString.h">
      <Filter>SevenZip\Common</Filter>
    </ClInclude>
    <ClInclude Include="..\SevenZip\CPP\Common\MyString.h">
      <Filter>SevenZip\Common</Filter>
    </ClInclude>
    <ClInclude Include="..\SevenZip\CPP\Common\MyVector.h">
      <Filter>SevenZip\Common</Filter>
    </ClInclude>
    <ClInclude Include="..\SevenZip\CPP\Common\NewHandler.h">
      <Filter>SevenZip\Common</Filter>
    </ClInclude>
    <ClInclude Include="..\SevenZip\CPP\Common\StringConvert.h">
      <Filter>SevenZip\Common</Filter>
    </ClInclude>
    <ClInclude Include="..\SevenZip\CPP\Common\TextConfig.h">
      <Filter>SevenZip\Common</Filter>
    </ClInclude>
    <ClInclude Include="..\SevenZip\CPP\Common\UTFConvert.h">
      <Filter>SevenZip\Common</Filter>
    </ClInclude>
    <ClInclude Include="..\SevenZip\CPP\Common\Wildcard.h">
      <Filter>SevenZip\Common</Filter>
    </ClInclude>
    <ClInclude Include="..\SevenZip\CPP\Windows\Control\Dialog.h">
      <Filter>SevenZip\Windows\Control</Filter>
    </ClInclude>
    <ClInclude Include="..\SevenZip\CPP\Windows\DLL.h">
      <Filter>SevenZip\Windows</Filter>
    </ClInclude>
    <ClInclude Include="..\SevenZip\CPP\Windows\ErrorMsg.h">
      <Filter>SevenZip\Windows</Filter>
    </ClInclude>
    <ClInclude Include="..\SevenZip\CPP\Windows\FileDir.h">
      <Filter>SevenZip\Windows</Filter>
    </ClInclude>
    <ClInclude Include="..\SevenZip\CPP\Windows\FileFind.h">
      <Filter>SevenZip\Windows</Filter>
    </ClInclude>
    <ClInclude Include="..\SevenZip\CPP\Windows\FileIO.h">
      <Filter>SevenZip\Windows</Filter>
    </ClInclude>
    <ClInclude Include="..\SevenZip\CPP\Windows\FileName.h">
      <Filter>SevenZip\Windows</Filter>
    </ClInclude>
    <ClInclude Include="..\SevenZip\CPP\Windows\PropVariant.h">
      <Filter>SevenZip\Windows</Filter>
    </ClInclude>
    <ClInclude Include="..\SevenZip\CPP\Windows\ResourceString.h">
      <Filter>SevenZip\Windows</Filter>
    </ClInclude>
    <ClInclude Include="..\SevenZip\CPP\Windows\Synchronization.h">
      <Filter>SevenZip\Windows</Filter>
    </ClInclude>
    <ClInclude Include="..\SevenZip\CPP\Windows\System.h">
      <Filter>SevenZip\Windows</Filter>
    </ClInclude>
    <ClInclude Include="..\SevenZip\CPP\Windows\Window.h">
      <Filter>SevenZip\Windows</Filter>
    </ClInclude>
    <ClInclude Include="..\SevenZip\CPP\7zip\Common\CreateCoder.h">
      <Filter>SevenZip\7z Common</Filter>
    </ClInclude>
    <ClInclude Include="..\SevenZip\CPP\7zip\Common\CWrappers.h">
      <Filter>SevenZip\7z Common</Filter>
    </ClInclude>
    <ClInclude Include="..\SevenZip\CPP\7zip\Common\FileStreams.h">
      <Filter>SevenZip\7z Common</Filter>
    </ClInclude>
    <ClInclude Include="..\SevenZip\CPP\7zip\Common\FilterCoder.h">
      <Filter>SevenZip\7z Common</Filter>
    </ClInclude>
    <ClInclude Include="..\SevenZip\CPP\7zip\Common\InBuffer.h">
      <Filter>SevenZip\7z Common</Filter>
    </ClInclude>
    <ClInclude Include="..\SevenZip\CPP\7zip\Common\LimitedStreams.h">
      <Filter>SevenZip\7z Common</Filter>
    </ClInclude>
    <ClInclude Include="..\SevenZip\CPP\7zip\Common\OutBuffer.h">
      <Filter>SevenZip\7z Common</Filter>
    </ClInclude>
    <ClInclude Include="..\SevenZip\CPP\7zip\Common\ProgressUtils.h">
      <Filter>SevenZip\7z Common</Filter>
    </ClInclude>
    <ClInclude Include="..\SevenZip\CPP\7zip\Common\StreamBinder.h">
      <Filter>SevenZip\7z Common</Filter>
    </ClInclude>
    <ClInclude Include="..\SevenZip\CPP\7zip\Common\StreamObjects.h">
      <Filter>SevenZip\7z Common</Filter>
    </ClInclude>
    <ClInclude Include="..\SevenZip\CPP\7zip\Common\StreamUtils.h">
      <Filter>SevenZip\7z Common</Filter>
    </ClInclude>
    <ClInclude Include="..\SevenZip\CPP\7zip\Common\VirtThread.h">
      <Filter>SevenZip\7z Common</Filter>
    </ClInclude>
    <ClInclude Include="..\SevenZip\CPP\7zip\UI\Explorer\MyMessages.h">
      <Filter>SevenZip\UI\Explorer</Filter>
    </ClInclude>
    <ClInclude Include="..\SevenZip\CPP\7zip\UI\Common\ArchiveOpenCallback.h">
      <Filter>SevenZip\UI\UI Common</Filter>
    </ClInclude>
    <ClInclude Include="..\SevenZip\CPP\7zip\UI\Common\DefaultName.h">
      <Filter>SevenZip\UI\UI Common</Filter>
    </ClInclude>
    <ClInclude Include="..\SevenZip\CPP\7zip\UI\Common\ExtractMode.h">
      <Filter>SevenZip\UI\UI Common</Filter>
    </ClInclude>
    <ClInclude Include="..\SevenZip\CPP\7zip\UI\Common\LoadCodecs.h">
      <Filter>SevenZip\UI\UI Common</Filter>
    </ClInclude>
    <ClInclude Include="..\SevenZip\CPP\7zip\UI\Common\OpenArchive.h">
      <Filter>SevenZip\UI\UI Common</Filter>
    </ClInclude>
    <ClInclude Include="..\SevenZip\CPP\7zip\UI\FileManager\FormatUtils.h">
      <Filter>SevenZip\File Manager</Filter>
    </ClInclude>
    <ClInclude Include="..\SevenZip\CPP\7zip\UI\FileManager\LangUtils.h">
      <Filter>SevenZip\File Manager</Filter>
    </ClInclude>
    <ClInclude Include="..\SevenZip\CPP\7zip\UI\FileManager\ProgressDialog.h">
      <Filter>SevenZip\File Manager</Filter>
    </ClInclude>
    <ClInclude Include="..\SevenZip\C\7zCrc.h">
      <Filter>SevenZip\C</Filter>
    </ClInclude>
    <ClInclude Include="..\SevenZip\C\Alloc.h">
      <Filter>SevenZip\C</Filter>
    </ClInclude>
    <ClInclude Include="..\SevenZip\C\Bcj2.h">
      <Filter>SevenZip\C</Filter>
    </ClInclude>
    <ClInclude Include="..\SevenZip\C\Bra.h">
      <Filter>SevenZip\C</Filter>
    </ClInclude>
    <ClInclude Include="..\SevenZip\C\CpuArch.h">
      <Filter>SevenZip\C</Filter>
    </ClInclude>
    <ClInclude Include="..\SevenZip\C\Delta.h">
      <Filter>SevenZip\C</Filter>
    </ClInclude>
    <ClInclude Include="..\SevenZip\C\DllSecur.h">
      <Filter>SevenZip\C</Filter>
    </ClInclude>
    <ClInclude Include="..\SevenZip\C\Lzma2Dec.h">
      <Filter>SevenZip\C</Filter>
    </ClInclude>
    <ClInclude Include="..\SevenZip\C\Lzma2DecMt.h">
      <Filter>SevenZip\C</Filter>
    </ClInclude>
    <ClInclude Include="..\SevenZip\C\LzmaDec.h">
      <Filter>SevenZip\C</Filter>
    </ClInclude>
    <ClInclude Include="..\SevenZip\C\MtDec.h">
      <Filter>SevenZip\C</Filter>
    </ClInclude>
    <ClInclude Include="..\SevenZip\C\Threads.h">
      <Filter>SevenZip\C</Filter>
    </ClInclude>
    <ClInclude Include="..\SevenZip\CPP\7zip\Bundles\SFXSetup\ExtractCallbackSfx.h">
      <Filter>SevenZip\Spec</Filter>
    </ClInclude>
    <ClInclude Include="..\SevenZip\CPP\7zip\Bundles\SFXSetup\ExtractEngine.h">
      <Filter>SevenZip\Spec</Filter>
    </ClInclude>
    <ClInclude Include="Mile.Project.Properties.h" />
    <ClInclude Include="..\SevenZip\CPP\7zip\Compress\ZstdDecoder.h">
      <Filter>SevenZip\Compress</Filter>
    </ClInclude>
  </ItemGroup>
  <ItemGroup>
    <Image Include="..\SevenZip\CPP\7zip\Bundles\SFXSetup\setup.ico">
      <Filter>SevenZip\Spec</Filter>
    </Image>
  </ItemGroup>
  <ItemGroup>
    <Manifest Include="NanaZipSfxSetup.manifest" />
  </ItemGroup>
</Project>