<?xml version="1.0" encoding="utf-8"?>
<Project ToolsVersion="4.0" xmlns="http://schemas.microsoft.com/developer/msbuild/2003">
  <ItemGroup>
    <Filter Include="SevenZip">
      <UniqueIdentifier>{63971b45-a543-40fb-a0f9-d86f49912f70}</UniqueIdentifier>
    </Filter>
    <Filter Include="SevenZip\C">
      <UniqueIdentifier>{274f612c-5784-4105-b44e-d789279670fb}</UniqueIdentifier>
    </Filter>
    <Filter Include="SevenZip\CPP">
      <UniqueIdentifier>{318ab91d-9b89-4785-a7fb-ac13e32f0e14}</UniqueIdentifier>
    </Filter>
    <Filter Include="SevenZip\CPP\Windows">
      <UniqueIdentifier>{07ac693a-1295-48f9-92fa-4008f3d44da6}</UniqueIdentifier>
    </Filter>
    <Filter Include="SevenZip\CPP\Common">
      <UniqueIdentifier>{b28b1a4a-7fa6-4baa-9782-663ed90cc539}</UniqueIdentifier>
    </Filter>
    <Filter Include="SevenZip\CPP\7zip">
      <UniqueIdentifier>{ea694fb6-ef84-4124-b8e5-f42d90e78d54}</UniqueIdentifier>
    </Filter>
    <Filter Include="SevenZip\CPP\7zip\Common">
      <UniqueIdentifier>{ee2a9258-1ac8-48dc-bf9c-617818db50aa}</UniqueIdentifier>
    </Filter>
    <Filter Include="SevenZip\CPP\7zip\Crypto">
      <UniqueIdentifier>{e8a79290-7366-492a-b2f1-2d5eb8f79f5e}</UniqueIdentifier>
    </Filter>
    <Filter Include="SevenZip\CPP\7zip\Archive">
      <UniqueIdentifier>{7fb19727-3684-491f-8108-84d54dac7e55}</UniqueIdentifier>
    </Filter>
    <Filter Include="SevenZip\CPP\7zip\Compress">
      <UniqueIdentifier>{52362247-3f1e-48b6-8f1b-64ebbfeb7fd2}</UniqueIdentifier>
    </Filter>
    <Filter Include="SevenZip\Asm">
      <UniqueIdentifier>{a6130780-862a-499d-8280-f97bd17f79f5}</UniqueIdentifier>
    </Filter>
    <Filter Include="SevenZip\Asm\x86">
      <UniqueIdentifier>{af785e40-6479-4927-af40-05f73477fce5}</UniqueIdentifier>
    </Filter>
  </ItemGroup>
  <ItemGroup>
    <ClCompile Include="SevenZip\C\Alloc.c">
      <Filter>SevenZip\C</Filter>
    </ClCompile>
    <ClCompile Include="SevenZip\C\Threads.c">
      <Filter>SevenZip\C</Filter>
    </ClCompile>
    <ClCompile Include="SevenZip\CPP\Windows\System.cpp">
      <Filter>SevenZip\CPP\Windows</Filter>
    </ClCompile>
    <ClCompile Include="SevenZip\CPP\7zip\Common\StreamUtils.cpp">
      <Filter>SevenZip\CPP\7zip\Common</Filter>
    </ClCompile>
    <ClCompile Include="SevenZip\CPP\7zip\Crypto\Pbkdf2HmacSha512.cpp">
      <Filter>SevenZip\CPP\7zip\Crypto</Filter>
    </ClCompile>
    <ClCompile Include="SevenZip\CPP\7zip\Crypto\XChaCha20.cpp">
      <Filter>SevenZip\CPP\7zip\Crypto</Filter>
    </ClCompile>
    <ClCompile Include="SevenZip\CPP\7zip\Crypto\XChaCha20Poly1305.cpp">
      <Filter>SevenZip\CPP\7zip\Crypto</Filter>
    </ClCompile>
    <ClCompile Include="SevenZip\CPP\7zip\Crypto\XChaCha20Poly1305Register.cpp">
      <Filter>SevenZip\CPP\7zip\Crypto</Filter>
    </ClCompile>
    <ClCompile Include="SevenZip\CPP\7zip\Crypto\XChaCha20Register.cpp">
      <Filter>SevenZip\CPP\7zip\Crypto</Filter>
    </ClCompile>
    <ClCompile Include="SevenZip\CPP\7zip\Crypto\7zKeyDerivation.cpp">
      <Filter>SevenZip\CPP\7zip\Crypto</Filter>
    </ClCompile>
    <ClCompile Include="SevenZip\CPP\7zip\Crypto\Aegis256.cpp">
      <Filter>SevenZip\CPP\7zip\Crypto</Filter>
    </ClCompile>
    <ClCompile Include="SevenZip\CPP\7zip\Crypto\Ascon.cpp">
      <Filter>SevenZip\CPP\7zip\Crypto</Filter>
    </ClCompile>
    <ClCompile Include="SevenZip\CPP\7zip\Crypto\Cascade.cpp">
      <Filter>SevenZip\CPP\7zip\Crypto</Filter>
    </ClCompile>
    <ClCompile Include="SevenZip\CPP\7zip\Crypto\CascadeRegister.cpp">
      <Filter>SevenZip\CPP\7zip\Crypto</Filter>
    </ClCompile>
    <ClCompile Include="SevenZip\CPP\7zip\Crypto\HkdfBlake2sp.cpp">
      <Filter>SevenZip\CPP\7zip\Crypto</Filter>
    </ClCompile>
    <ClCompile Include="SevenZip\CPP\7zip\Crypto\HmacSha512.cpp">
      <Filter>SevenZip\CPP\7zip\Crypto</Filter>
    </ClCompile>
    <ClCompile Include="SevenZip\C\Sha512Opt.c">
      <Filter>SevenZip\C</Filter>
    </ClCompile>
    <ClCompile Include="SevenZip\C\Blake2s.c">
      <Filter>SevenZip\C</Filter>
    </ClCompile>
    <ClCompile Include="SevenZip\C\Sha256.c">
      <Filter>SevenZip\C</Filter>
    </ClCompile>
    <ClCompile Include="SevenZip\C\Sha512.c">
      <Filter>SevenZip\C</Filter>
    </ClCompile>
    <ClCompile Include="SevenZip\C\Aes.c">
      <Filter>SevenZip\C</Filter>
    </ClCompile>
    <ClCompile Include="SevenZip\C\CpuArch.c">
      <Filter>SevenZip\C</Filter>
    </ClCompile>
    <ClCompile Include="SevenZip\CPP\7zip\Common\CreateCoder.cpp">
      <Filter>SevenZip\CPP\7zip\Common</Filter>
    </ClCompile>
    <ClCompile Include="SevenZip\CPP\7zip\Common\FilterCoder.cpp">
      <Filter>SevenZip\CPP\7zip\Common</Filter>
    </ClCompile>
    <ClCompile Include="SevenZip\CPP\7zip\Archive\ArchiveExports.cpp">
      <Filter>SevenZip\CPP\7zip\Archive</Filter>
    </ClCompile>
    <ClCompile Include="SevenZip\CPP\7zip\Archive\DllExports2.cpp">
      <Filter>SevenZip\CPP\7zip\Archive</Filter>
    </ClCompile>
    <ClCompile Include="SevenZip\CPP\7zip\Compress\CodecExports.cpp">
      <Filter>SevenZip\CPP\7zip\Compress</Filter>
    </ClCompile>
    <ClCompile Include="SevenZip\CPP\Windows\PropVariant.cpp">
      <Filter>SevenZip\CPP\Windows</Filter>
    </ClCompile>
    <ClCompile Include="SevenZip\CPP\Common\MyString.cpp">
      <Filter>SevenZip\CPP\Common</Filter>
    </ClCompile>
    <ClCompile Include="SevenZip\CPP\Common\IntToString.cpp">
      <Filter>SevenZip\CPP\Common</Filter>
    </ClCompile>
    <ClCompile Include="SevenZip\CPP\Common\Wildcard.cpp">
      <Filter>SevenZip\CPP\Common</Filter>
    </ClCompile>
    <ClCompile Include="SevenZip\CPP\Common\Sha256Prepare.cpp">
      <Filter>SevenZip\CPP\Common</Filter>
    </ClCompile>
    <ClCompile Include="SevenZip\CPP\Common\Sha512Prepare.cpp">
      <Filter>SevenZip\CPP\Common</Filter>
    </ClCompile>
    <ClCompile Include="SevenZip\CPP\7zip\Crypto\RandGen.cpp">
      <Filter>SevenZip\CPP\7zip\Crypto</Filter>
    </ClCompile>
  </ItemGroup>
  <ItemGroup>
    <ClInclude Include="SevenZip\C\Alloc.h">
      <Filter>SevenZip\C</Filter>
    </ClInclude>
    <ClInclude Include="SevenZip\C\Threads.h">
      <Filter>SevenZip\C</Filter>
    </ClInclude>
    <ClInclude Include="SevenZip\C\Precomp.h">
      <Filter>SevenZip\C</Filter>
    </ClInclude>
    <ClInclude Include="SevenZip\C\Compiler.h">
      <Filter>SevenZip\C</Filter>
    </ClInclude>
    <ClInclude Include="SevenZip\C\7zWindows.h">
      <Filter>SevenZip\C</Filter>
    </ClInclude>
    <ClInclude Include="SevenZip\C\7zTypes.h">
      <Filter>SevenZip\C</Filter>
    </ClInclude>
    <ClInclude Include="SevenZip\CPP\Windows\System.h">
      <Filter>SevenZip\CPP\Windows</Filter>
    </ClInclude>
    <ClInclude Include="SevenZip\CPP\Windows\StdAfx.h">
      <Filter>SevenZip\CPP\Windows</Filter>
    </ClInclude>
    <ClInclude Include="SevenZip\CPP\Common\MyWindows.h">
      <Filter>SevenZip\CPP\Common</Filter>
    </ClInclude>
    <ClInclude Include="SevenZip\CPP\Common\Defs.h">
      <Filter>SevenZip\CPP\Common</Filter>
    </ClInclude>
    <ClInclude Include="SevenZip\CPP\Common\MyTypes.h">
      <Filter>SevenZip\CPP\Common</Filter>
    </ClInclude>
    <ClInclude Include="SevenZip\CPP\Common\MyVector.h">
      <Filter>SevenZip\CPP\Common</Filter>
    </ClInclude>
    <ClInclude Include="SevenZip\CPP\Common\Common.h">
      <Filter>SevenZip\CPP\Common</Filter>
    </ClInclude>
    <ClInclude Include="SevenZip\CPP\Common\Common0.h">
      <Filter>SevenZip\CPP\Common</Filter>
    </ClInclude>
    <ClInclude Include="SevenZip\CPP\Common\NewHandler.h">
      <Filter>SevenZip\CPP\Common</Filter>
    </ClInclude>
    <ClInclude Include="SevenZip\CPP\Common\StdAfx.h">
      <Filter>SevenZip\CPP\Common</Filter>
    </ClInclude>
    <ClInclude Include="SevenZip\CPP\7zip\Common\StreamUtils.h">
      <Filter>SevenZip\CPP\7zip\Common</Filter>
    </ClInclude>
    <ClInclude Include="SevenZip\CPP\7zip\Common\StdAfx.h">
      <Filter>SevenZip\CPP\7zip\Common</Filter>
    </ClInclude>
    <ClInclude Include="SevenZip\CPP\Common\MyCom.h">
      <Filter>SevenZip\CPP\Common</Filter>
    </ClInclude>
    <ClInclude Include="SevenZip\CPP\Common\MyUnknown.h">
      <Filter>SevenZip\CPP\Common</Filter>
    </ClInclude>
    <ClInclude Include="SevenZip\CPP\7zip\IDecl.h">
      <Filter>SevenZip\CPP\7zip</Filter>
    </ClInclude>
    <ClInclude Include="SevenZip\CPP\7zip\IStream.h">
      <Filter>SevenZip\CPP\7zip</Filter>
    </ClInclude>
    <ClInclude Include="SevenZip\C\CpuArch.h">
      <Filter>SevenZip\C</Filter>
    </ClInclude>
    <ClInclude Include="SevenZip\C\7zVersion.h">
      <Filter>SevenZip\C</Filter>
    </ClInclude>
    <ClInclude Include="SevenZip\CPP\Common\ComTry.h">
      <Filter>SevenZip\CPP\Common</Filter>
    </ClInclude>
    <ClInclude Include="SevenZip\CPP\Common\MyInitGuid.h">
      <Filter>SevenZip\CPP\Common</Filter>
    </ClInclude>
    <ClInclude Include="SevenZip\CPP\Windows\WinDefs.h">
      <Filter>SevenZip\CPP\Windows</Filter>
    </ClInclude>
    <ClInclude Include="SevenZip\CPP\7zip\ICoder.h">
      <Filter>SevenZip\CPP\7zip</Filter>
    </ClInclude>
    <ClInclude Include="SevenZip\CPP\Windows\PropVariant.h">
      <Filter>SevenZip\CPP\Windows</Filter>
    </ClInclude>
    <ClInclude Include="SevenZip\CPP\7zip\Common\RegisterCodec.h">
      <Filter>SevenZip\CPP\7zip\Common</Filter>
    </ClInclude>
    <ClInclude Include="SevenZip\CPP\Common\MyString.h">
      <Filter>SevenZip\CPP\Common</Filter>
    </ClInclude>
    <ClInclude Include="SevenZip\CPP\7zip\Common\MethodId.h">
      <Filter>SevenZip\CPP\7zip\Common</Filter>
    </ClInclude>
    <ClInclude Include="SevenZip\CPP\7zip\Crypto\Pbkdf2HmacSha512.h">
      <Filter>SevenZip\CPP\7zip\Crypto</Filter>
    </ClInclude>
    <ClInclude Include="SevenZip\CPP\7zip\Crypto\StdAfx.h">
      <Filter>SevenZip\CPP\7zip\Crypto</Filter>
    </ClInclude>
    <ClInclude Include="SevenZip\CPP\7zip\Crypto\XChaCha20.h">
      <Filter>SevenZip\CPP\7zip\Crypto</Filter>
    </ClInclude>
    <ClInclude Include="SevenZip\CPP\7zip\Crypto\XChaCha20Poly1305.h">
      <Filter>SevenZip\CPP\7zip\Crypto</Filter>
    </ClInclude>
    <ClInclude Include="SevenZip\CPP\7zip\Crypto\7zKeyDerivation.h">
      <Filter>SevenZip\CPP\7zip\Crypto</Filter>
    </ClInclude>
    <ClInclude Include="SevenZip\CPP\7zip\Crypto\Aegis256.h">
      <Filter>SevenZip\CPP\7zip\Crypto</Filter>
    </ClInclude>
    <ClInclude Include="SevenZip\CPP\7zip\Crypto\Aegis256Simd.h">
      <Filter>SevenZip\CPP\7zip\Crypto</Filter>
    </ClInclude>
    <ClInclude Include="SevenZip\CPP\7zip\Crypto\Ascon.h">
      <Filter>SevenZip\CPP\7zip\Crypto</Filter>
    </ClInclude>
    <ClInclude Include="SevenZip\CPP\7zip\Crypto\AsconSimd.h">
      <Filter>SevenZip\CPP\7zip\Crypto</Filter>
    </ClInclude>
    <ClInclude Include="SevenZip\CPP\7zip\Crypto\Cascade.h">
      <Filter>SevenZip\CPP\7zip\Crypto</Filter>
    </ClInclude>
    <ClInclude Include="SevenZip\CPP\7zip\Crypto\ChaCha20Simd.h">
      <Filter>SevenZip\CPP\7zip\Crypto</Filter>
    </ClInclude>
    <ClInclude Include="SevenZip\CPP\7zip\Crypto\HkdfBlake2sp.h">
      <Filter>SevenZip\CPP\7zip\Crypto</Filter>
    </ClInclude>
    <ClInclude Include="SevenZip\CPP\7zip\Crypto\HmacSha512.h">
      <Filter>SevenZip\CPP\7zip\Crypto</Filter>
    </ClInclude>
    <ClInclude Include="SevenZip\CPP\7zip\IPassword.h">
      <Filter>SevenZip\CPP\7zip</Filter>
    </ClInclude>
    <ClInclude Include="SevenZip\CPP\Common\MyBuffer.h">
      <Filter>SevenZip\CPP\Common</Filter>
    </ClInclude>
    <ClInclude Include="SevenZip\CPP\Common\MyBuffer2.h">
      <Filter>SevenZip\CPP\Common</Filter>
    </ClInclude>
    <ClInclude Include="SevenZip\CPP\Windows\Synchronization.h">
      <Filter>SevenZip\CPP\Windows</Filter>
    </ClInclude>
    <ClInclude Include="SevenZip\CPP\Windows\Handle.h">
      <Filter>SevenZip\CPP\Windows</Filter>
    </ClInclude>
    <ClInclude Include="SevenZip\C\Blake2.h">
      <Filter>SevenZip\C</Filter>
    </ClInclude>
    <ClInclude Include="SevenZip\C\Sha256.h">
      <Filter>SevenZip\C</Filter>
    </ClInclude>
    <ClInclude Include="SevenZip\C\Sha512.h">
      <Filter>SevenZip\C</Filter>
    </ClInclude>
    <ClInclude Include="SevenZip\C\Aes.h">
      <Filter>SevenZip\C</Filter>
    </ClInclude>
    <ClInclude Include="SevenZip\C\RotateDefs.h">
      <Filter>SevenZip\C</Filter>
    </ClInclude>
    <ClInclude Include="SevenZip\CPP\7zip\Common\CreateCoder.h">
      <Filter>SevenZip\CPP\7zip\Common</Filter>
    </ClInclude>
    <ClInclude Include="SevenZip\CPP\7zip\Common\FilterCoder.h">
      <Filter>SevenZip\CPP\7zip\Common</Filter>
    </ClInclude>
    <ClInclude Include="SevenZip\CPP\7zip\Archive\StdAfx.h">
      <Filter>SevenZip\CPP\7zip\Archive</Filter>
    </ClInclude>
    <ClInclude Include="SevenZip\CPP\7zip\Common\RegisterArc.h">
      <Filter>SevenZip\CPP\7zip\Common</Filter>
    </ClInclude>
    <ClInclude Include="SevenZip\CPP\7zip\Archive\IArchive.h">
      <Filter>SevenZip\CPP\7zip\Archive</Filter>
    </ClInclude>
    <ClInclude Include="SevenZip\CPP\7zip\IProgress.h">
      <Filter>SevenZip\CPP\7zip</Filter>
    </ClInclude>
    <ClInclude Include="SevenZip\CPP\7zip\PropID.h">
      <Filter>SevenZip\CPP\7zip</Filter>
    </ClInclude>
    <ClInclude Include="SevenZip\CPP\Windows\NtCheck.h">
      <Filter>SevenZip\CPP\Windows</Filter>
    </ClInclude>
    <ClInclude Include="SevenZip\CPP\7zip\Compress\StdAfx.h">
      <Filter>SevenZip\CPP\7zip\Compress</Filter>
    </ClInclude>
    <ClInclude Include="SevenZip\CPP\Common\IntToString.h">
      <Filter>SevenZip\CPP\Common</Filter>
    </ClInclude>
    <ClInclude Include="SevenZip\CPP\Common\StringConvert.h">
      <Filter>SevenZip\CPP\Common</Filter>
    </ClInclude>
    <ClInclude Include="SevenZip\CPP\Common\Wildcard.h">
      <Filter>SevenZip\CPP\Common</Filter>
    </ClInclude>
    <ClInclude Include="SevenZip\CPP\7zip\Crypto\RandGen.h">
      <Filter>SevenZip\CPP\7zip\Crypto</Filter>
    </ClInclude>
  </ItemGroup>
  <ItemGroup>
    <None Include="SevenZip\CPP\7zip\Archive\Archive2.def">
      <Filter>SevenZip\CPP\7zip\Archive</Filter>
    </None>
    <None Include="SevenZip\C\AesOpt.c">
      <Filter>SevenZip\C</Filter>
    </None>
    <None Include="SevenZip\C\Sha256Opt.c">
      <Filter>SevenZip\C</Filter>
    </None>
    <None Include="SevenZip\.gitignore">
      <Filter>SevenZip</Filter>
    </None>
    <None Include="SevenZip\Asm\x86\Sha256Opt.asm">
      <Filter>SevenZip\Asm\x86</Filter>
    </None>
    <None Include="SevenZip\Asm\x86\7zAsm.asm">
      <Filter>SevenZip\Asm\x86</Filter>
    </None>
    <None Include="SevenZip\Asm\x86\AesOpt.asm">
      <Filter>SevenZip\Asm\x86</Filter>
    </None>
    <None Include="NanaZip.ZS.Codecs.props" />
  </ItemGroup>
</Project>