<?xml version="1.0" encoding="utf-8"?>
<Project ToolsVersion="4.0" xmlns="http://schemas.microsoft.com/developer/msbuild/2003">
  <ItemGroup>
    <Filter Include="SevenZip">
      <UniqueIdentifier>{a5c190e4-5ef4-4a05-b517-eddfc6955521}</UniqueIdentifier>
    </Filter>
    <Filter Include="SevenZip\7z">
      <UniqueIdentifier>{dcfd256a-7e15-4271-ba9c-762ff90f06c8}</UniqueIdentifier>
    </Filter>
    <Filter Include="SevenZip\7zip Common">
      <UniqueIdentifier>{be23f7ce-063f-4989-a777-540f56b303cc}</UniqueIdentifier>
    </Filter>
    <Filter Include="SevenZip\Archive Common">
      <UniqueIdentifier>{d9d670c2-19fa-4543-aa86-ad6994e49cd0}</UniqueIdentifier>
    </Filter>
    <Filter Include="SevenZip\C">
      <UniqueIdentifier>{3a0b0ff8-fb7a-4614-a5fe-6a617c067fb8}</UniqueIdentifier>
    </Filter>
    <Filter Include="SevenZip\Common">
      <UniqueIdentifier>{beb10c23-b790-461d-87e3-df8c963482fc}</UniqueIdentifier>
    </Filter>
    <Filter Include="SevenZip\Compress">
      <UniqueIdentifier>{4843794e-e288-4703-b23b-28ef342f0a45}</UniqueIdentifier>
    </Filter>
    <Filter Include="SevenZip\Console">
      <UniqueIdentifier>{07026c13-6f22-4f31-92ef-c7a64715bb75}</UniqueIdentifier>
    </Filter>
    <Filter Include="SevenZip\Crypto">
      <UniqueIdentifier>{bfee7b6a-3eaa-46b9-ad3f-9dfb75333b37}</UniqueIdentifier>
    </Filter>
    <Filter Include="SevenZip\Spec">
      <UniqueIdentifier>{a6134de1-e5b4-470a-96f6-d80aa4d0567d}</UniqueIdentifier>
    </Filter>
    <Filter Include="SevenZip\UI">
      <UniqueIdentifier>{453319d2-8830-4f2e-a933-b40bcfffd10f}</UniqueIdentifier>
    </Filter>
    <Filter Include="SevenZip\UI\UI Common">
      <UniqueIdentifier>{7fdcd194-3c06-4712-8720-0729f80391c1}</UniqueIdentifier>
    </Filter>
    <Filter Include="SevenZip\Windows">
      <UniqueIdentifier>{9f1c44b9-6b82-466d-996c-ab54d682b79e}</UniqueIdentifier>
    </Filter>
  </ItemGroup>
  <ItemGroup>
    <ClInclude Include="..\SevenZip\CPP\7zip\Bundles\SFXCon\resource.h">
      <Filter>SevenZip\Spec</Filter>
    </ClInclude>
    <ClInclude Include="..\SevenZip\CPP\7zip\Bundles\SFXCon\StdAfx.h">
      <Filter>SevenZip\Spec</Filter>
    </ClInclude>
    <ClInclude Include="..\SevenZip\CPP\7zip\Archive\Common\CoderMixer2.h">
      <Filter>SevenZip\Archive Common</Filter>
    </ClInclude>
    <ClInclude Include="..\SevenZip\CPP\7zip\Archive\Common\HandlerOut.h">
      <Filter>SevenZip\Archive Common</Filter>
    </ClInclude>
    <ClInclude Include="..\SevenZip\CPP\7zip\Archive\Common\ItemNameUtils.h">
      <Filter>SevenZip\Archive Common</Filter>
    </ClInclude>
    <ClInclude Include="..\SevenZip\CPP\7zip\Archive\Common\MultiStream.h">
      <Filter>SevenZip\Archive Common</Filter>
    </ClInclude>
    <ClInclude Include="..\SevenZip\CPP\7zip\Archive\Common\OutStreamWithCRC.h">
      <Filter>SevenZip\Archive Common</Filter>
    </ClInclude>
    <ClInclude Include="..\SevenZip\CPP\7zip\UI\Console\ConsoleClose.h">
      <Filter>SevenZip\Console</Filter>
    </ClInclude>
    <ClInclude Include="..\SevenZip\CPP\7zip\UI\Console\ExtractCallbackConsole.h">
      <Filter>SevenZip\Console</Filter>
    </ClInclude>
    <ClInclude Include="..\SevenZip\CPP\7zip\UI\Console\List.h">
      <Filter>SevenZip\Console</Filter>
    </ClInclude>
    <ClInclude Include="..\SevenZip\CPP\7zip\UI\Console\OpenCallbackConsole.h">
      <Filter>SevenZip\Console</Filter>
    </ClInclude>
    <ClInclude Include="..\SevenZip\CPP\7zip\UI\Console\PercentPrinter.h">
      <Filter>SevenZip\Console</Filter>
    </ClInclude>
    <ClInclude Include="..\SevenZip\CPP\7zip\UI\Console\UserInputUtils.h">
      <Filter>SevenZip\Console</Filter>
    </ClInclude>
    <ClInclude Include="..\SevenZip\CPP\7zip\Archive\7z\7zDecode.h">
      <Filter>SevenZip\7z</Filter>
    </ClInclude>
    <ClInclude Include="..\SevenZip\CPP\7zip\Archive\7z\7zHandler.h">
      <Filter>SevenZip\7z</Filter>
    </ClInclude>
    <ClInclude Include="..\SevenZip\CPP\7zip\Archive\7z\7zHeader.h">
      <Filter>SevenZip\7z</Filter>
    </ClInclude>
    <ClInclude Include="..\SevenZip\CPP\7zip\Archive\7z\7zIn.h">
      <Filter>SevenZip\7z</Filter>
    </ClInclude>
    <ClInclude Include="..\SevenZip\CPP\7zip\Archive\7z\7zItem.h">
      <Filter>SevenZip\7z</Filter>
    </ClInclude>
    <ClInclude Include="..\SevenZip\CPP\7zip\Compress\BranchMisc.h">
      <Filter>SevenZip\Compress</Filter>
    </ClInclude>
    <ClInclude Include="..\SevenZip\CPP\7zip\Compress\Lzma2Decoder.h">
      <Filter>SevenZip\Compress</Filter>
    </ClInclude>
    <ClInclude Include="..\SevenZip\CPP\7zip\Crypto\7zAes.h">
      <Filter>SevenZip\Crypto</Filter>
    </ClInclude>
    <ClInclude Include="..\SevenZip\CPP\7zip\Crypto\MyAes.h">
      <Filter>SevenZip\Crypto</Filter>
    </ClInclude>
    <ClInclude Include="..\SevenZip\CPP\Windows\DLL.h">
      <Filter>SevenZip\Windows</Filter>
    </ClInclude>
    <ClInclude Include="..\SevenZip\CPP\Windows\ErrorMsg.h">
      <Filter>SevenZip\Windows</Filter>
    </ClInclude>
    <ClInclude Include="..\SevenZip\CPP\Windows\FileDir.h">
      <Filter>SevenZip\Windows</Filter>
    </ClInclude>
    <ClInclude Include="..\SevenZip\CPP\Windows\FileFind.h">
      <Filter>SevenZip\Windows</Filter>
    </ClInclude>
    <ClInclude Include="..\SevenZip\CPP\Windows\FileIO.h">
      <Filter>SevenZip\Windows</Filter>
    </ClInclude>
    <ClInclude Include="..\SevenZip\CPP\Windows\FileName.h">
      <Filter>SevenZip\Windows</Filter>
    </ClInclude>
    <ClInclude Include="..\SevenZip\CPP\Windows\PropVariant.h">
      <Filter>SevenZip\Windows</Filter>
    </ClInclude>
    <ClInclude Include="..\SevenZip\CPP\Windows\PropVariantConv.h">
      <Filter>SevenZip\Windows</Filter>
    </ClInclude>
    <ClInclude Include="..\SevenZip\CPP\Windows\Synchronization.h">
      <Filter>SevenZip\Windows</Filter>
    </ClInclude>
    <ClInclude Include="..\SevenZip\CPP\Windows\System.h">
      <Filter>SevenZip\Windows</Filter>
    </ClInclude>
    <ClInclude Include="..\SevenZip\CPP\Common\CommandLineParser.h">
      <Filter>SevenZip\Common</Filter>
    </ClInclude>
    <ClInclude Include="..\SevenZip\CPP\Common\CRC.h">
      <Filter>SevenZip\Common</Filter>
    </ClInclude>
    <ClInclude Include="..\SevenZip\CPP\Common\IntToString.h">
      <Filter>SevenZip\Common</Filter>
    </ClInclude>
    <ClInclude Include="..\SevenZip\CPP\Common\MyString.h">
      <Filter>SevenZip\Common</Filter>
    </ClInclude>
    <ClInclude Include="..\SevenZip\CPP\Common\MyVector.h">
      <Filter>SevenZip\Common</Filter>
    </ClInclude>
    <ClInclude Include="..\SevenZip\CPP\Common\NewHandler.h">
      <Filter>SevenZip\Common</Filter>
    </ClInclude>
    <ClInclude Include="..\SevenZip\CPP\Common\StdInStream.h">
      <Filter>SevenZip\Common</Filter>
    </ClInclude>
    <ClInclude Include="..\SevenZip\CPP\Common\StdOutStream.h">
      <Filter>SevenZip\Common</Filter>
    </ClInclude>
    <ClInclude Include="..\SevenZip\CPP\Common\StringConvert.h">
      <Filter>SevenZip\Common</Filter>
    </ClInclude>
    <ClInclude Include="..\SevenZip\CPP\Common\UTFConvert.h">
      <Filter>SevenZip\Common</Filter>
    </ClInclude>
    <ClInclude Include="..\SevenZip\CPP\Common\Wildcard.h">
      <Filter>SevenZip\Common</Filter>
    </ClInclude>
    <ClInclude Include="..\SevenZip\CPP\7zip\Common\CreateCoder.h">
      <Filter>SevenZip\7zip Common</Filter>
    </ClInclude>
    <ClInclude Include="..\SevenZip\CPP\7zip\Common\CWrappers.h">
      <Filter>SevenZip\7zip Common</Filter>
    </ClInclude>
    <ClInclude Include="..\SevenZip\CPP\7zip\Common\FilePathAutoRename.h">
      <Filter>SevenZip\7zip Common</Filter>
    </ClInclude>
    <ClInclude Include="..\SevenZip\CPP\7zip\Common\FileStreams.h">
      <Filter>SevenZip\7zip Common</Filter>
    </ClInclude>
    <ClInclude Include="..\SevenZip\CPP\7zip\Common\FilterCoder.h">
      <Filter>SevenZip\7zip Common</Filter>
    </ClInclude>
    <ClInclude Include="..\SevenZip\CPP\7zip\Common\InBuffer.h">
      <Filter>SevenZip\7zip Common</Filter>
    </ClInclude>
    <ClInclude Include="..\SevenZip\CPP\7zip\Common\LimitedStreams.h">
      <Filter>SevenZip\7zip Common</Filter>
    </ClInclude>
    <ClInclude Include="..\SevenZip\CPP\7zip\Common\LockedStream.h">
      <Filter>SevenZip\7zip Common</Filter>
    </ClInclude>
    <ClInclude Include="..\SevenZip\CPP\7zip\Common\OffsetStream.h">
      <Filter>SevenZip\7zip Common</Filter>
    </ClInclude>
    <ClInclude Include="..\SevenZip\CPP\7zip\Common\OutBuffer.h">
      <Filter>SevenZip\7zip Common</Filter>
    </ClInclude>
    <ClInclude Include="..\SevenZip\CPP\7zip\Common\ProgressUtils.h">
      <Filter>SevenZip\7zip Common</Filter>
    </ClInclude>
    <ClInclude Include="..\SevenZip\CPP\7zip\Common\RegisterArc.h">
      <Filter>SevenZip\7zip Common</Filter>
    </ClInclude>
    <ClInclude Include="..\SevenZip\CPP\7zip\Common\RegisterCodec.h">
      <Filter>SevenZip\7zip Common</Filter>
    </ClInclude>
    <ClInclude Include="..\SevenZip\CPP\7zip\Common\StreamBinder.h">
      <Filter>SevenZip\7zip Common</Filter>
    </ClInclude>
    <ClInclude Include="..\SevenZip\CPP\7zip\Common\StreamObjects.h">
      <Filter>SevenZip\7zip Common</Filter>
    </ClInclude>
    <ClInclude Include="..\SevenZip\CPP\7zip\Common\StreamUtils.h">
      <Filter>SevenZip\7zip Common</Filter>
    </ClInclude>
    <ClInclude Include="..\SevenZip\CPP\7zip\Common\VirtThread.h">
      <Filter>SevenZip\7zip Common</Filter>
    </ClInclude>
    <ClInclude Include="..\SevenZip\CPP\7zip\UI\Common\ArchiveExtractCallback.h">
      <Filter>SevenZip\UI\UI Common</Filter>
    </ClInclude>
    <ClInclude Include="..\SevenZip\CPP\7zip\UI\Common\ArchiveOpenCallback.h">
      <Filter>SevenZip\UI\UI Common</Filter>
    </ClInclude>
    <ClInclude Include="..\SevenZip\CPP\7zip\UI\Common\DefaultName.h">
      <Filter>SevenZip\UI\UI Common</Filter>
    </ClInclude>
    <ClInclude Include="..\SevenZip\CPP\7zip\UI\Common\ExitCode.h">
      <Filter>SevenZip\UI\UI Common</Filter>
    </ClInclude>
    <ClInclude Include="..\SevenZip\CPP\7zip\UI\Common\Extract.h">
      <Filter>SevenZip\UI\UI Common</Filter>
    </ClInclude>
    <ClInclude Include="..\SevenZip\CPP\7zip\UI\Common\ExtractingFilePath.h">
      <Filter>SevenZip\UI\UI Common</Filter>
    </ClInclude>
    <ClInclude Include="..\SevenZip\CPP\7zip\UI\Common\ExtractMode.h">
      <Filter>SevenZip\UI\UI Common</Filter>
    </ClInclude>
    <ClInclude Include="..\SevenZip\CPP\7zip\UI\Common\LoadCodecs.h">
      <Filter>SevenZip\UI\UI Common</Filter>
    </ClInclude>
    <ClInclude Include="..\SevenZip\CPP\7zip\UI\Common\OpenArchive.h">
      <Filter>SevenZip\UI\UI Common</Filter>
    </ClInclude>
    <ClInclude Include="..\SevenZip\CPP\7zip\UI\Common\PropIDUtils.h">
      <Filter>SevenZip\UI\UI Common</Filter>
    </ClInclude>
    <ClInclude Include="..\SevenZip\C\7zCrc.h">
      <Filter>SevenZip\C</Filter>
    </ClInclude>
    <ClInclude Include="..\SevenZip\C\Aes.h">
      <Filter>SevenZip\C</Filter>
    </ClInclude>
    <ClInclude Include="..\SevenZip\C\Alloc.h">
      <Filter>SevenZip\C</Filter>
    </ClInclude>
    <ClInclude Include="..\SevenZip\C\Bcj2.h">
      <Filter>SevenZip\C</Filter>
    </ClInclude>
    <ClInclude Include="..\SevenZip\C\Bra.h">
      <Filter>SevenZip\C</Filter>
    </ClInclude>
    <ClInclude Include="..\SevenZip\C\Delta.h">
      <Filter>SevenZip\C</Filter>
    </ClInclude>
    <ClInclude Include="..\SevenZip\C\DllSecur.h">
      <Filter>SevenZip\C</Filter>
    </ClInclude>
    <ClInclude Include="..\SevenZip\C\Lzma2Dec.h">
      <Filter>SevenZip\C</Filter>
    </ClInclude>
    <ClInclude Include="..\SevenZip\C\Lzma2DecMt.h">
      <Filter>SevenZip\C</Filter>
    </ClInclude>
    <ClInclude Include="..\SevenZip\C\LzmaDec.h">
      <Filter>SevenZip\C</Filter>
    </ClInclude>
    <ClInclude Include="..\SevenZip\C\MtDec.h">
      <Filter>SevenZip\C</Filter>
    </ClInclude>
    <ClInclude Include="..\SevenZip\C\Ppmd7.h">
      <Filter>SevenZip\C</Filter>
    </ClInclude>
    <ClInclude Include="..\SevenZip\C\Sha256.h">
      <Filter>SevenZip\C</Filter>
    </ClInclude>
    <ClInclude Include="..\SevenZip\C\Threads.h">
      <Filter>SevenZip\C</Filter>
    </ClInclude>
    <ClInclude Include="..\SevenZip\CPP\7zip\Archive\IArchive.h">
      <Filter>SevenZip\Spec</Filter>
    </ClInclude>
    <ClInclude Include="Mile.Project.Properties.h" />
    <ClInclude Include="..\SevenZip\CPP\7zip\Compress\ZstdDecoder.h">
      <Filter>SevenZip\Compress</Filter>
    </ClInclude>
  </ItemGroup>
  <ItemGroup>
    <ResourceCompile Include="..\SevenZip\CPP\7zip\Bundles\SFXCon\resource.rc">
      <Filter>SevenZip\Spec</Filter>
    </ResourceCompile>
  </ItemGroup>
  <ItemGroup>
    <ClCompile Include="..\SevenZip\CPP\7zip\Bundles\SFXCon\StdAfx.cpp">
      <Filter>SevenZip\Spec</Filter>
    </ClCompile>
    <ClCompile Include="..\SevenZip\CPP\7zip\Archive\Common\CoderMixer2.cpp">
      <Filter>SevenZip\Archive Common</Filter>
    </ClCompile>
    <ClCompile Include="..\SevenZip\CPP\7zip\Archive\Common\ItemNameUtils.cpp">
      <Filter>SevenZip\Archive Common</Filter>
    </ClCompile>
    <ClCompile Include="..\SevenZip\CPP\7zip\Archive\Common\MultiStream.cpp">
      <Filter>SevenZip\Archive Common</Filter>
    </ClCompile>
    <ClCompile Include="..\SevenZip\CPP\7zip\Archive\Common\OutStreamWithCRC.cpp">
      <Filter>SevenZip\Archive Common</Filter>
    </ClCompile>
    <ClCompile Include="..\SevenZip\CPP\7zip\UI\Console\ConsoleClose.cpp">
      <Filter>SevenZip\Console</Filter>
    </ClCompile>
    <ClCompile Include="..\SevenZip\CPP\7zip\UI\Console\ExtractCallbackConsole.cpp">
      <Filter>SevenZip\Console</Filter>
    </ClCompile>
    <ClCompile Include="..\SevenZip\CPP\7zip\UI\Console\List.cpp">
      <Filter>SevenZip\Console</Filter>
    </ClCompile>
    <ClCompile Include="..\SevenZip\CPP\7zip\UI\Console\MainAr.cpp">
      <Filter>SevenZip\Console</Filter>
    </ClCompile>
    <ClCompile Include="..\SevenZip\CPP\7zip\UI\Console\OpenCallbackConsole.cpp">
      <Filter>SevenZip\Console</Filter>
    </ClCompile>
    <ClCompile Include="..\SevenZip\CPP\7zip\UI\Console\PercentPrinter.cpp">
      <Filter>SevenZip\Console</Filter>
    </ClCompile>
    <ClCompile Include="..\SevenZip\CPP\7zip\UI\Console\UserInputUtils.cpp">
      <Filter>SevenZip\Console</Filter>
    </ClCompile>
    <ClCompile Include="..\SevenZip\CPP\7zip\Archive\7z\7zDecode.cpp">
      <Filter>SevenZip\7z</Filter>
    </ClCompile>
    <ClCompile Include="..\SevenZip\CPP\7zip\Archive\7z\7zExtract.cpp">
      <Filter>SevenZip\7z</Filter>
    </ClCompile>
    <ClCompile Include="..\SevenZip\CPP\7zip\Archive\7z\7zHandler.cpp">
      <Filter>SevenZip\7z</Filter>
    </ClCompile>
    <ClCompile Include="..\SevenZip\CPP\7zip\Archive\7z\7zIn.cpp">
      <Filter>SevenZip\7z</Filter>
    </ClCompile>
    <ClCompile Include="..\SevenZip\CPP\7zip\Archive\7z\7zRegister.cpp">
      <Filter>SevenZip\7z</Filter>
    </ClCompile>
    <ClCompile Include="..\SevenZip\CPP\7zip\Archive\SplitHandler.cpp">
      <Filter>SevenZip\7z</Filter>
    </ClCompile>
    <ClCompile Include="..\SevenZip\CPP\7zip\Compress\Bcj2Coder.cpp">
      <Filter>SevenZip\Compress</Filter>
    </ClCompile>
    <ClCompile Include="..\SevenZip\CPP\7zip\Compress\Bcj2Register.cpp">
      <Filter>SevenZip\Compress</Filter>
    </ClCompile>
    <ClCompile Include="..\SevenZip\CPP\7zip\Compress\BcjCoder.cpp">
      <Filter>SevenZip\Compress</Filter>
    </ClCompile>
    <ClCompile Include="..\SevenZip\CPP\7zip\Compress\BcjRegister.cpp">
      <Filter>SevenZip\Compress</Filter>
    </ClCompile>
    <ClCompile Include="..\SevenZip\CPP\7zip\Compress\BranchMisc.cpp">
      <Filter>SevenZip\Compress</Filter>
    </ClCompile>
    <ClCompile Include="..\SevenZip\CPP\7zip\Compress\BranchRegister.cpp">
      <Filter>SevenZip\Compress</Filter>
    </ClCompile>
    <ClCompile Include="..\SevenZip\CPP\7zip\Compress\CopyCoder.cpp">
      <Filter>SevenZip\Compress</Filter>
    </ClCompile>
    <ClCompile Include="..\SevenZip\CPP\7zip\Compress\CopyRegister.cpp">
      <Filter>SevenZip\Compress</Filter>
    </ClCompile>
    <ClCompile Include="..\SevenZip\CPP\7zip\Compress\DeltaFilter.cpp">
      <Filter>SevenZip\Compress</Filter>
    </ClCompile>
    <ClCompile Include="..\SevenZip\CPP\7zip\Compress\Lzma2Decoder.cpp">
      <Filter>SevenZip\Compress</Filter>
    </ClCompile>
    <ClCompile Include="..\SevenZip\CPP\7zip\Compress\Lzma2Register.cpp">
      <Filter>SevenZip\Compress</Filter>
    </ClCompile>
    <ClCompile Include="..\SevenZip\CPP\7zip\Compress\LzmaDecoder.cpp">
      <Filter>SevenZip\Compress</Filter>
    </ClCompile>
    <ClCompile Include="..\SevenZip\CPP\7zip\Compress\LzmaRegister.cpp">
      <Filter>SevenZip\Compress</Filter>
    </ClCompile>
    <ClCompile Include="..\SevenZip\CPP\7zip\Compress\PpmdDecoder.cpp">
      <Filter>SevenZip\Compress</Filter>
    </ClCompile>
    <ClCompile Include="..\SevenZip\CPP\7zip\Compress\PpmdRegister.cpp">
      <Filter>SevenZip\Compress</Filter>
    </ClCompile>
    <ClCompile Include="..\SevenZip\CPP\7zip\Crypto\7zAes.cpp">
      <Filter>SevenZip\Crypto</Filter>
    </ClCompile>
    <ClCompile Include="..\SevenZip\CPP\7zip\Crypto\7zAesRegister.cpp">
      <Filter>SevenZip\Crypto</Filter>
    </ClCompile>
    <ClCompile Include="..\SevenZip\CPP\7zip\Crypto\MyAes.cpp">
      <Filter>SevenZip\Crypto</Filter>
    </ClCompile>
    <ClCompile Include="..\SevenZip\CPP\Windows\DLL.cpp">
      <Filter>SevenZip\Windows</Filter>
    </ClCompile>
    <ClCompile Include="..\SevenZip\CPP\Windows\ErrorMsg.cpp">
      <Filter>SevenZip\Windows</Filter>
    </ClCompile>
    <ClCompile Include="..\SevenZip\CPP\Windows\FileDir.cpp">
      <Filter>SevenZip\Windows</Filter>
    </ClCompile>
    <ClCompile Include="..\SevenZip\CPP\Windows\FileFind.cpp">
      <Filter>SevenZip\Windows</Filter>
    </ClCompile>
    <ClCompile Include="..\SevenZip\CPP\Windows\FileIO.cpp">
      <Filter>SevenZip\Windows</Filter>
    </ClCompile>
    <ClCompile Include="..\SevenZip\CPP\Windows\FileName.cpp">
      <Filter>SevenZip\Windows</Filter>
    </ClCompile>
    <ClCompile Include="..\SevenZip\CPP\Windows\PropVariant.cpp">
      <Filter>SevenZip\Windows</Filter>
    </ClCompile>
    <ClCompile Include="..\SevenZip\CPP\Windows\PropVariantConv.cpp">
      <Filter>SevenZip\Windows</Filter>
    </ClCompile>
    <ClCompile Include="..\SevenZip\CPP\Windows\Synchronization.cpp">
      <Filter>SevenZip\Windows</Filter>
    </ClCompile>
    <ClCompile Include="..\SevenZip\CPP\Windows\System.cpp">
      <Filter>SevenZip\Windows</Filter>
    </ClCompile>
    <ClCompile Include="..\SevenZip\CPP\Common\CommandLineParser.cpp">
      <Filter>SevenZip\Common</Filter>
    </ClCompile>
    <ClCompile Include="..\SevenZip\CPP\Common\CRC.cpp">
      <Filter>SevenZip\Common</Filter>
    </ClCompile>
    <ClCompile Include="..\SevenZip\CPP\Common\IntToString.cpp">
      <Filter>SevenZip\Common</Filter>
    </ClCompile>
    <ClCompile Include="..\SevenZip\CPP\Common\MyString.cpp">
      <Filter>SevenZip\Common</Filter>
    </ClCompile>
    <ClCompile Include="..\SevenZip\CPP\Common\MyVector.cpp">
      <Filter>SevenZip\Common</Filter>
    </ClCompile>
    <ClCompile Include="..\SevenZip\CPP\Common\NewHandler.cpp">
      <Filter>SevenZip\Common</Filter>
    </ClCompile>
    <ClCompile Include="..\SevenZip\CPP\Common\Sha256Prepare.cpp">
      <Filter>SevenZip\Common</Filter>
    </ClCompile>
    <ClCompile Include="..\SevenZip\CPP\Common\StdInStream.cpp">
      <Filter>SevenZip\Common</Filter>
    </ClCompile>
    <ClCompile Include="..\SevenZip\CPP\Common\StdOutStream.cpp">
      <Filter>SevenZip\Common</Filter>
    </ClCompile>
    <ClCompile Include="..\SevenZip\CPP\Common\StringConvert.cpp">
      <Filter>SevenZip\Common</Filter>
    </ClCompile>
    <ClCompile Include="..\SevenZip\CPP\Common\UTFConvert.cpp">
      <Filter>SevenZip\Common</Filter>
    </ClCompile>
    <ClCompile Include="..\SevenZip\CPP\Common\Wildcard.cpp">
      <Filter>SevenZip\Common</Filter>
    </ClCompile>
    <ClCompile Include="..\SevenZip\CPP\7zip\Common\CreateCoder.cpp">
      <Filter>SevenZip\7zip Common</Filter>
    </ClCompile>
    <ClCompile Include="..\SevenZip\CPP\7zip\Common\CWrappers.cpp">
      <Filter>SevenZip\7zip Common</Filter>
    </ClCompile>
    <ClCompile Include="..\SevenZip\CPP\7zip\Common\FilePathAutoRename.cpp">
      <Filter>SevenZip\7zip Common</Filter>
    </ClCompile>
    <ClCompile Include="..\SevenZip\CPP\7zip\Common\FileStreams.cpp">
      <Filter>SevenZip\7zip Common</Filter>
    </ClCompile>
    <ClCompile Include="..\SevenZip\CPP\7zip\Common\FilterCoder.cpp">
      <Filter>SevenZip\7zip Common</Filter>
    </ClCompile>
    <ClCompile Include="..\SevenZip\CPP\7zip\Common\InBuffer.cpp">
      <Filter>SevenZip\7zip Common</Filter>
    </ClCompile>
    <ClCompile Include="..\SevenZip\CPP\7zip\Common\LimitedStreams.cpp">
      <Filter>SevenZip\7zip Common</Filter>
    </ClCompile>
    <ClCompile Include="..\SevenZip\CPP\7zip\Common\LockedStream.cpp">
      <Filter>SevenZip\7zip Common</Filter>
    </ClCompile>
    <ClCompile Include="..\SevenZip\CPP\7zip\Common\OffsetStream.cpp">
      <Filter>SevenZip\7zip Common</Filter>
    </ClCompile>
    <ClCompile Include="..\SevenZip\CPP\7zip\Common\OutBuffer.cpp">
      <Filter>SevenZip\7zip Common</Filter>
    </ClCompile>
    <ClCompile Include="..\SevenZip\CPP\7zip\Common\ProgressUtils.cpp">
      <Filter>SevenZip\7zip Common</Filter>
    </ClCompile>
    <ClCompile Include="..\SevenZip\CPP\7zip\Common\PropId.cpp">
      <Filter>SevenZip\7zip Common</Filter>
    </ClCompile>
    <ClCompile Include="..\SevenZip\CPP\7zip\Common\StreamBinder.cpp">
      <Filter>SevenZip\7zip Common</Filter>
    </ClCompile>
    <ClCompile Include="..\SevenZip\CPP\7zip\Common\StreamObjects.cpp">
      <Filter>SevenZip\7zip Common</Filter>
    </ClCompile>
    <ClCompile Include="..\SevenZip\CPP\7zip\Common\StreamUtils.cpp">
      <Filter>SevenZip\7zip Common</Filter>
    </ClCompile>
    <ClCompile Include="..\SevenZip\CPP\7zip\Common\VirtThread.cpp">
      <Filter>SevenZip\7zip Common</Filter>
    </ClCompile>
    <ClCompile Include="..\SevenZip\CPP\7zip\UI\Common\ArchiveExtractCallback.cpp">
      <Filter>SevenZip\UI\UI Common</Filter>
    </ClCompile>
    <ClCompile Include="..\SevenZip\CPP\7zip\UI\Common\ArchiveOpenCallback.cpp">
      <Filter>SevenZip\UI\UI Common</Filter>
    </ClCompile>
    <ClCompile Include="..\SevenZip\CPP\7zip\UI\Common\DefaultName.cpp">
      <Filter>SevenZip\UI\UI Common</Filter>
    </ClCompile>
    <ClCompile Include="..\SevenZip\CPP\7zip\UI\Common\Extract.cpp">
      <Filter>SevenZip\UI\UI Common</Filter>
    </ClCompile>
    <ClCompile Include="..\SevenZip\CPP\7zip\UI\Common\ExtractingFilePath.cpp">
      <Filter>SevenZip\UI\UI Common</Filter>
    </ClCompile>
    <ClCompile Include="..\SevenZip\CPP\7zip\UI\Common\LoadCodecs.cpp">
      <Filter>SevenZip\UI\UI Common</Filter>
    </ClCompile>
    <ClCompile Include="..\SevenZip\CPP\7zip\UI\Common\OpenArchive.cpp">
      <Filter>SevenZip\UI\UI Common</Filter>
    </ClCompile>
    <ClCompile Include="..\SevenZip\CPP\7zip\UI\Common\PropIDUtils.cpp">
      <Filter>SevenZip\UI\UI Common</Filter>
    </ClCompile>
    <ClCompile Include="..\SevenZip\C\7zCrc.c">
      <Filter>SevenZip\C</Filter>
    </ClCompile>
    <ClCompile Include="..\SevenZip\C\7zCrcOpt.c">
      <Filter>SevenZip\C</Filter>
    </ClCompile>
    <ClCompile Include="..\SevenZip\C\Aes.c">
      <Filter>SevenZip\C</Filter>
    </ClCompile>
    <ClCompile Include="..\SevenZip\C\AesOpt.c">
      <Filter>SevenZip\C</Filter>
    </ClCompile>
    <ClCompile Include="..\SevenZip\C\Alloc.c">
      <Filter>SevenZip\C</Filter>
    </ClCompile>
    <ClCompile Include="..\SevenZip\C\Bcj2.c">
      <Filter>SevenZip\C</Filter>
    </ClCompile>
    <ClCompile Include="..\SevenZip\C\Bra.c">
      <Filter>SevenZip\C</Filter>
    </ClCompile>
    <ClCompile Include="..\SevenZip\C\Bra86.c">
      <Filter>SevenZip\C</Filter>
    </ClCompile>
    <ClCompile Include="..\SevenZip\C\BraIA64.c">
      <Filter>SevenZip\C</Filter>
    </ClCompile>
    <ClCompile Include="..\SevenZip\C\CpuArch.c">
      <Filter>SevenZip\C</Filter>
    </ClCompile>
    <ClCompile Include="..\SevenZip\C\Delta.c">
      <Filter>SevenZip\C</Filter>
    </ClCompile>
    <ClCompile Include="..\SevenZip\C\DllSecur.c">
      <Filter>SevenZip\C</Filter>
    </ClCompile>
    <ClCompile Include="..\SevenZip\C\Lzma2Dec.c">
      <Filter>SevenZip\C</Filter>
    </ClCompile>
    <ClCompile Include="..\SevenZip\C\Lzma2DecMt.c">
      <Filter>SevenZip\C</Filter>
    </ClCompile>
    <ClCompile Include="..\SevenZip\C\LzmaDec.c">
      <Filter>SevenZip\C</Filter>
    </ClCompile>
    <ClCompile Include="..\SevenZip\C\MtDec.c">
      <Filter>SevenZip\C</Filter>
    </ClCompile>
    <ClCompile Include="..\SevenZip\C\Ppmd7.c">
      <Filter>SevenZip\C</Filter>
    </ClCompile>
    <ClCompile Include="..\SevenZip\C\Ppmd7Dec.c">
      <Filter>SevenZip\C</Filter>
    </ClCompile>
    <ClCompile Include="..\SevenZip\C\Sha256.c">
      <Filter>SevenZip\C</Filter>
    </ClCompile>
    <ClCompile Include="..\SevenZip\C\Sha256Opt.c">
      <Filter>SevenZip\C</Filter>
    </ClCompile>
    <ClCompile Include="..\SevenZip\C\Threads.c">
      <Filter>SevenZip\C</Filter>
    </ClCompile>
    <ClCompile Include="..\SevenZip\CPP\7zip\Bundles\SFXCon\SfxCon.cpp">
      <Filter>SevenZip\Spec</Filter>
    </ClCompile>
    <ClCompile Include="..\SevenZip\CPP\7zip\Compress\ZstdDecoder.cpp">
      <Filter>SevenZip\Compress</Filter>
    </ClCompile>
    <ClCompile Include="..\SevenZip\CPP\7zip\Compress\ZstdRegister.cpp">
      <Filter>SevenZip\Compress</Filter>
    </ClCompile>
  </ItemGroup>
  <ItemGroup>
    <Image Include="..\SevenZip\CPP\7zip\Bundles\SFXCon\7z.ico">
      <Filter>SevenZip\Spec</Filter>
    </Image>
  </ItemGroup>
  <ItemGroup>
    <Manifest Include="NanaZipSfxConsole.manifest" />
  </ItemGroup>
</Project>